
Microsoft Visual Studio Solution File, Format Version 12.00
# Visual Studio 2013
VisualStudioVersion = 12.0.20827.3
MinimumVisualStudioVersion = 10.0.40219.1
Project("{FAE04EC0-301F-11D3-BF4B-00C04F79EFBC}") = "BunnyWars", "BunnyWars\BunnyWars.csproj", "{BBD028D7-91CF-4BE7-99ED-73E0028225B5}"
EndProject
Global
	GlobalSection(SolutionConfigurationPlatforms) = preSolution
		Debug|Any CPU = Debug|Any CPU
		Release|Any CPU = Release|Any CPU
	EndGlobalSection
	GlobalSection(ProjectConfigurationPlatforms) = postSolution
		{BBD028D7-91CF-4BE7-99ED-73E0028225B5}.Debug|Any CPU.ActiveCfg = Debug|Any CPU
		{BBD028D7-91CF-4BE7-99ED-73E0028225B5}.Debug|Any CPU.Build.0 = Debug|Any CPU
		{BBD028D7-91CF-4BE7-99ED-73E0028225B5}.Release|Any CPU.ActiveCfg = Release|Any CPU
		{BBD028D7-91CF-4BE7-99ED-73E0028225B5}.Release|Any CPU.Build.0 = Release|Any CPU
	EndGlobalSection
	GlobalSection(SolutionProperties) = preSolution
		HideSolutionNode = FALSE
	EndGlobalSection
EndGlobal
