
Microsoft Visual Studio Solution File, Format Version 12.00
# Visual Studio 14
VisualStudioVersion = 14.0.23107.0
MinimumVisualStudioVersion = 10.0.40219.1
Project("{FAE04EC0-301F-11D3-BF4B-00C04F79EFBC}") = "School.Client", "School.Client\School.Client.csproj", "{D652FBDE-B9CF-42E6-8F40-DA22E5E39CBE}"
EndProject
Project("{FAE04EC0-301F-11D3-BF4B-00C04F79EFBC}") = "School.Models", "School.Models\School.Models.csproj", "{AB154EA4-1C61-46B6-9BD5-B804FE5E8278}"
EndProject
Project("{FAE04EC0-301F-11D3-BF4B-00C04F79EFBC}") = "ForTest", "ForTest\ForTest.csproj", "{0756D517-39A4-4C11-A6B2-18715D0F4064}"
EndProject
Global
	GlobalSection(SolutionConfigurationPlatforms) = preSolution
		Debug|Any CPU = Debug|Any CPU
		Release|Any CPU = Release|Any CPU
	EndGlobalSection
	GlobalSection(ProjectConfigurationPlatforms) = postSolution
		{D652FBDE-B9CF-42E6-8F40-DA22E5E39CBE}.Debug|Any CPU.ActiveCfg = Debug|Any CPU
		{D652FBDE-B9CF-42E6-8F40-DA22E5E39CBE}.Debug|Any CPU.Build.0 = Debug|Any CPU
		{D652FBDE-B9CF-42E6-8F40-DA22E5E39CBE}.Release|Any CPU.ActiveCfg = Release|Any CPU
		{D652FBDE-B9CF-42E6-8F40-DA22E5E39CBE}.Release|Any CPU.Build.0 = Release|Any CPU
		{AB154EA4-1C61-46B6-9BD5-B804FE5E8278}.Debug|Any CPU.ActiveCfg = Debug|Any CPU
		{AB154EA4-1C61-46B6-9BD5-B804FE5E8278}.Debug|Any CPU.Build.0 = Debug|Any CPU
		{AB154EA4-1C61-46B6-9BD5-B804FE5E8278}.Release|Any CPU.ActiveCfg = Release|Any CPU
		{AB154EA4-1C61-46B6-9BD5-B804FE5E8278}.Release|Any CPU.Build.0 = Release|Any CPU
		{0756D517-39A4-4C11-A6B2-18715D0F4064}.Debug|Any CPU.ActiveCfg = Debug|Any CPU
		{0756D517-39A4-4C11-A6B2-18715D0F4064}.Debug|Any CPU.Build.0 = Debug|Any CPU
		{0756D517-39A4-4C11-A6B2-18715D0F4064}.Release|Any CPU.ActiveCfg = Release|Any CPU
		{0756D517-39A4-4C11-A6B2-18715D0F4064}.Release|Any CPU.Build.0 = Release|Any CPU
	EndGlobalSection
	GlobalSection(SolutionProperties) = preSolution
		HideSolutionNode = FALSE
	EndGlobalSection
EndGlobal
