
Microsoft Visual Studio Solution File, Format Version 12.00
# Visual Studio 2013
VisualStudioVersion = 12.0.31101.0
MinimumVisualStudioVersion = 10.0.40219.1
Project("{FAE04EC0-301F-11D3-BF4B-00C04F79EFBC}") = "01. Sum Of 3 Numbers", "01. Sum Of 3 Numbers\01. Sum Of 3 Numbers.csproj", "{572276C6-2F60-47E3-A7E5-083985150403}"
EndProject
Project("{FAE04EC0-301F-11D3-BF4B-00C04F79EFBC}") = "02. Print Company Information", "02. Print Company Information\02. Print Company Information.csproj", "{C0E2B6A3-D995-4793-AB57-523F073D62C7}"
EndProject
Project("{FAE04EC0-301F-11D3-BF4B-00C04F79EFBC}") = "03. Circle Perimeter and Area", "03. Circle Perimeter and Area\03. Circle Perimeter and Area.csproj", "{ABB5F6BD-E3BB-4982-AD15-390B7EAE6434}"
EndProject
Project("{FAE04EC0-301F-11D3-BF4B-00C04F79EFBC}") = "04. Number Comparer", "04. Number Comparer\04. Number Comparer.csproj", "{3985FEF9-C91D-4CC9-A1E5-E0247FD56582}"
EndProject
Project("{FAE04EC0-301F-11D3-BF4B-00C04F79EFBC}") = "05. Formatting Numbers", "05. Formatting Numbers\05. Formatting Numbers.csproj", "{FCF678EC-CEC4-4225-A501-9D4974D16398}"
EndProject
Project("{FAE04EC0-301F-11D3-BF4B-00C04F79EFBC}") = "06. Quadratic Equation", "06. Quadratic Equation\06. Quadratic Equation.csproj", "{E3BA7E0F-510D-42A7-B3F8-047621CF39D3}"
EndProject
Project("{FAE04EC0-301F-11D3-BF4B-00C04F79EFBC}") = "07. Sum of 5 Numbers", "07. Sum of 5 Numbers\07. Sum of 5 Numbers.csproj", "{261F156B-8CD9-48E8-8D95-E9C06D851716}"
EndProject
Project("{FAE04EC0-301F-11D3-BF4B-00C04F79EFBC}") = "08. Numbers from 1 to n", "08. Numbers from 1 to n\08. Numbers from 1 to n.csproj", "{A1F28D52-BC46-4BB7-BDE9-E0CC85AA7A4E}"
EndProject
Project("{FAE04EC0-301F-11D3-BF4B-00C04F79EFBC}") = "09. Sum of n Numbers", "09. Sum of n Numbers\09. Sum of n Numbers.csproj", "{23A4E581-47BA-461B-91F3-38F0B82BA82B}"
EndProject
Project("{FAE04EC0-301F-11D3-BF4B-00C04F79EFBC}") = "10. Fibonacci Numbers", "10. Fibonacci Numbers\10. Fibonacci Numbers.csproj", "{0D6DAD64-69B5-493A-B2B7-3FEB4C58EC07}"
EndProject
Project("{FAE04EC0-301F-11D3-BF4B-00C04F79EFBC}") = "11. Numbers In Interval Divid By", "11. Numbers In Interval Divid By\11. Numbers In Interval Divid By.csproj", "{AEE6093B-5E9A-4B6D-8D13-E2436DD97915}"
EndProject
Global
	GlobalSection(SolutionConfigurationPlatforms) = preSolution
		Debug|Any CPU = Debug|Any CPU
		Release|Any CPU = Release|Any CPU
	EndGlobalSection
	GlobalSection(ProjectConfigurationPlatforms) = postSolution
		{572276C6-2F60-47E3-A7E5-083985150403}.Debug|Any CPU.ActiveCfg = Debug|Any CPU
		{572276C6-2F60-47E3-A7E5-083985150403}.Debug|Any CPU.Build.0 = Debug|Any CPU
		{572276C6-2F60-47E3-A7E5-083985150403}.Release|Any CPU.ActiveCfg = Release|Any CPU
		{572276C6-2F60-47E3-A7E5-083985150403}.Release|Any CPU.Build.0 = Release|Any CPU
		{C0E2B6A3-D995-4793-AB57-523F073D62C7}.Debug|Any CPU.ActiveCfg = Debug|Any CPU
		{C0E2B6A3-D995-4793-AB57-523F073D62C7}.Debug|Any CPU.Build.0 = Debug|Any CPU
		{C0E2B6A3-D995-4793-AB57-523F073D62C7}.Release|Any CPU.ActiveCfg = Release|Any CPU
		{C0E2B6A3-D995-4793-AB57-523F073D62C7}.Release|Any CPU.Build.0 = Release|Any CPU
		{ABB5F6BD-E3BB-4982-AD15-390B7EAE6434}.Debug|Any CPU.ActiveCfg = Debug|Any CPU
		{ABB5F6BD-E3BB-4982-AD15-390B7EAE6434}.Debug|Any CPU.Build.0 = Debug|Any CPU
		{ABB5F6BD-E3BB-4982-AD15-390B7EAE6434}.Release|Any CPU.ActiveCfg = Release|Any CPU
		{ABB5F6BD-E3BB-4982-AD15-390B7EAE6434}.Release|Any CPU.Build.0 = Release|Any CPU
		{3985FEF9-C91D-4CC9-A1E5-E0247FD56582}.Debug|Any CPU.ActiveCfg = Debug|Any CPU
		{3985FEF9-C91D-4CC9-A1E5-E0247FD56582}.Debug|Any CPU.Build.0 = Debug|Any CPU
		{3985FEF9-C91D-4CC9-A1E5-E0247FD56582}.Release|Any CPU.ActiveCfg = Release|Any CPU
		{3985FEF9-C91D-4CC9-A1E5-E0247FD56582}.Release|Any CPU.Build.0 = Release|Any CPU
		{FCF678EC-CEC4-4225-A501-9D4974D16398}.Debug|Any CPU.ActiveCfg = Debug|Any CPU
		{FCF678EC-CEC4-4225-A501-9D4974D16398}.Debug|Any CPU.Build.0 = Debug|Any CPU
		{FCF678EC-CEC4-4225-A501-9D4974D16398}.Release|Any CPU.ActiveCfg = Release|Any CPU
		{FCF678EC-CEC4-4225-A501-9D4974D16398}.Release|Any CPU.Build.0 = Release|Any CPU
		{E3BA7E0F-510D-42A7-B3F8-047621CF39D3}.Debug|Any CPU.ActiveCfg = Debug|Any CPU
		{E3BA7E0F-510D-42A7-B3F8-047621CF39D3}.Debug|Any CPU.Build.0 = Debug|Any CPU
		{E3BA7E0F-510D-42A7-B3F8-047621CF39D3}.Release|Any CPU.ActiveCfg = Release|Any CPU
		{E3BA7E0F-510D-42A7-B3F8-047621CF39D3}.Release|Any CPU.Build.0 = Release|Any CPU
		{261F156B-8CD9-48E8-8D95-E9C06D851716}.Debug|Any CPU.ActiveCfg = Debug|Any CPU
		{261F156B-8CD9-48E8-8D95-E9C06D851716}.Debug|Any CPU.Build.0 = Debug|Any CPU
		{261F156B-8CD9-48E8-8D95-E9C06D851716}.Release|Any CPU.ActiveCfg = Release|Any CPU
		{261F156B-8CD9-48E8-8D95-E9C06D851716}.Release|Any CPU.Build.0 = Release|Any CPU
		{A1F28D52-BC46-4BB7-BDE9-E0CC85AA7A4E}.Debug|Any CPU.ActiveCfg = Debug|Any CPU
		{A1F28D52-BC46-4BB7-BDE9-E0CC85AA7A4E}.Debug|Any CPU.Build.0 = Debug|Any CPU
		{A1F28D52-BC46-4BB7-BDE9-E0CC85AA7A4E}.Release|Any CPU.ActiveCfg = Release|Any CPU
		{A1F28D52-BC46-4BB7-BDE9-E0CC85AA7A4E}.Release|Any CPU.Build.0 = Release|Any CPU
		{23A4E581-47BA-461B-91F3-38F0B82BA82B}.Debug|Any CPU.ActiveCfg = Debug|Any CPU
		{23A4E581-47BA-461B-91F3-38F0B82BA82B}.Debug|Any CPU.Build.0 = Debug|Any CPU
		{23A4E581-47BA-461B-91F3-38F0B82BA82B}.Release|Any CPU.ActiveCfg = Release|Any CPU
		{23A4E581-47BA-461B-91F3-38F0B82BA82B}.Release|Any CPU.Build.0 = Release|Any CPU
		{0D6DAD64-69B5-493A-B2B7-3FEB4C58EC07}.Debug|Any CPU.ActiveCfg = Debug|Any CPU
		{0D6DAD64-69B5-493A-B2B7-3FEB4C58EC07}.Debug|Any CPU.Build.0 = Debug|Any CPU
		{0D6DAD64-69B5-493A-B2B7-3FEB4C58EC07}.Release|Any CPU.ActiveCfg = Release|Any CPU
		{0D6DAD64-69B5-493A-B2B7-3FEB4C58EC07}.Release|Any CPU.Build.0 = Release|Any CPU
		{AEE6093B-5E9A-4B6D-8D13-E2436DD97915}.Debug|Any CPU.ActiveCfg = Debug|Any CPU
		{AEE6093B-5E9A-4B6D-8D13-E2436DD97915}.Debug|Any CPU.Build.0 = Debug|Any CPU
		{AEE6093B-5E9A-4B6D-8D13-E2436DD97915}.Release|Any CPU.ActiveCfg = Release|Any CPU
		{AEE6093B-5E9A-4B6D-8D13-E2436DD97915}.Release|Any CPU.Build.0 = Release|Any CPU
	EndGlobalSection
	GlobalSection(SolutionProperties) = preSolution
		HideSolutionNode = FALSE
	EndGlobalSection
EndGlobal
