
Microsoft Visual Studio Solution File, Format Version 12.00
# Visual Studio 2013
VisualStudioVersion = 12.0.31101.0
MinimumVisualStudioVersion = 10.0.40219.1
Project("{FAE04EC0-301F-11D3-BF4B-00C04F79EFBC}") = "Task1", "Task1\Task1.csproj", "{E7FBBDE6-9270-4FFC-BCDE-F14502855B4A}"
EndProject
Project("{FAE04EC0-301F-11D3-BF4B-00C04F79EFBC}") = "Task1-1", "Task1-1\Task1-1.csproj", "{66764CD0-2AE5-4461-A862-47A97B4D9C36}"
EndProject
Project("{FAE04EC0-301F-11D3-BF4B-00C04F79EFBC}") = "Task2", "Task2\Task2.csproj", "{B77A836A-309D-4320-838A-242ED3B1BB1B}"
EndProject
Global
	GlobalSection(SolutionConfigurationPlatforms) = preSolution
		Debug|Any CPU = Debug|Any CPU
		Release|Any CPU = Release|Any CPU
	EndGlobalSection
	GlobalSection(ProjectConfigurationPlatforms) = postSolution
		{E7FBBDE6-9270-4FFC-BCDE-F14502855B4A}.Debug|Any CPU.ActiveCfg = Debug|Any CPU
		{E7FBBDE6-9270-4FFC-BCDE-F14502855B4A}.Debug|Any CPU.Build.0 = Debug|Any CPU
		{E7FBBDE6-9270-4FFC-BCDE-F14502855B4A}.Release|Any CPU.ActiveCfg = Release|Any CPU
		{E7FBBDE6-9270-4FFC-BCDE-F14502855B4A}.Release|Any CPU.Build.0 = Release|Any CPU
		{66764CD0-2AE5-4461-A862-47A97B4D9C36}.Debug|Any CPU.ActiveCfg = Debug|Any CPU
		{66764CD0-2AE5-4461-A862-47A97B4D9C36}.Debug|Any CPU.Build.0 = Debug|Any CPU
		{66764CD0-2AE5-4461-A862-47A97B4D9C36}.Release|Any CPU.ActiveCfg = Release|Any CPU
		{66764CD0-2AE5-4461-A862-47A97B4D9C36}.Release|Any CPU.Build.0 = Release|Any CPU
		{B77A836A-309D-4320-838A-242ED3B1BB1B}.Debug|Any CPU.ActiveCfg = Debug|Any CPU
		{B77A836A-309D-4320-838A-242ED3B1BB1B}.Debug|Any CPU.Build.0 = Debug|Any CPU
		{B77A836A-309D-4320-838A-242ED3B1BB1B}.Release|Any CPU.ActiveCfg = Release|Any CPU
		{B77A836A-309D-4320-838A-242ED3B1BB1B}.Release|Any CPU.Build.0 = Release|Any CPU
	EndGlobalSection
	GlobalSection(SolutionProperties) = preSolution
		HideSolutionNode = FALSE
	EndGlobalSection
EndGlobal
