
Microsoft Visual Studio Solution File, Format Version 12.00
# Visual Studio 2013
VisualStudioVersion = 12.0.31101.0
MinimumVisualStudioVersion = 10.0.40219.1
Project("{FAE04EC0-301F-11D3-BF4B-00C04F79EFBC}") = "01. Square root", "01. Square root\01. Square root.csproj", "{ACD3141A-C3DB-4D88-8C11-9CA43FBE9443}"
EndProject
Project("{FAE04EC0-301F-11D3-BF4B-00C04F79EFBC}") = "02. Enter numbers", "02. Enter numbers\02. Enter numbers.csproj", "{4F338B9F-511E-4EB7-B92F-24BA7C827E8F}"
EndProject
Project("{FAE04EC0-301F-11D3-BF4B-00C04F79EFBC}") = "03. Read file contents", "03. Read file contents\03. Read file contents.csproj", "{DFF0D0A0-736E-45E6-A136-FACDD09D770C}"
EndProject
Project("{FAE04EC0-301F-11D3-BF4B-00C04F79EFBC}") = "04. Download file", "04. Download file\04. Download file.csproj", "{AC8E8C40-62DC-40A9-948C-CFA2128F9D90}"
EndProject
Global
	GlobalSection(SolutionConfigurationPlatforms) = preSolution
		Debug|Any CPU = Debug|Any CPU
		Release|Any CPU = Release|Any CPU
	EndGlobalSection
	GlobalSection(ProjectConfigurationPlatforms) = postSolution
		{ACD3141A-C3DB-4D88-8C11-9CA43FBE9443}.Debug|Any CPU.ActiveCfg = Debug|Any CPU
		{ACD3141A-C3DB-4D88-8C11-9CA43FBE9443}.Debug|Any CPU.Build.0 = Debug|Any CPU
		{ACD3141A-C3DB-4D88-8C11-9CA43FBE9443}.Release|Any CPU.ActiveCfg = Release|Any CPU
		{ACD3141A-C3DB-4D88-8C11-9CA43FBE9443}.Release|Any CPU.Build.0 = Release|Any CPU
		{4F338B9F-511E-4EB7-B92F-24BA7C827E8F}.Debug|Any CPU.ActiveCfg = Debug|Any CPU
		{4F338B9F-511E-4EB7-B92F-24BA7C827E8F}.Debug|Any CPU.Build.0 = Debug|Any CPU
		{4F338B9F-511E-4EB7-B92F-24BA7C827E8F}.Release|Any CPU.ActiveCfg = Release|Any CPU
		{4F338B9F-511E-4EB7-B92F-24BA7C827E8F}.Release|Any CPU.Build.0 = Release|Any CPU
		{DFF0D0A0-736E-45E6-A136-FACDD09D770C}.Debug|Any CPU.ActiveCfg = Debug|Any CPU
		{DFF0D0A0-736E-45E6-A136-FACDD09D770C}.Debug|Any CPU.Build.0 = Debug|Any CPU
		{DFF0D0A0-736E-45E6-A136-FACDD09D770C}.Release|Any CPU.ActiveCfg = Release|Any CPU
		{DFF0D0A0-736E-45E6-A136-FACDD09D770C}.Release|Any CPU.Build.0 = Release|Any CPU
		{AC8E8C40-62DC-40A9-948C-CFA2128F9D90}.Debug|Any CPU.ActiveCfg = Debug|Any CPU
		{AC8E8C40-62DC-40A9-948C-CFA2128F9D90}.Debug|Any CPU.Build.0 = Debug|Any CPU
		{AC8E8C40-62DC-40A9-948C-CFA2128F9D90}.Release|Any CPU.ActiveCfg = Release|Any CPU
		{AC8E8C40-62DC-40A9-948C-CFA2128F9D90}.Release|Any CPU.Build.0 = Release|Any CPU
	EndGlobalSection
	GlobalSection(SolutionProperties) = preSolution
		HideSolutionNode = FALSE
	EndGlobalSection
EndGlobal
