
Microsoft Visual Studio Solution File, Format Version 12.00
# Visual Studio 2013
VisualStudioVersion = 12.0.31101.0
MinimumVisualStudioVersion = 10.0.40219.1
Project("{FAE04EC0-301F-11D3-BF4B-00C04F79EFBC}") = "04. Telerik Logo", "04. Telerik Logo\04. Telerik Logo.csproj", "{FF4FCBCF-B8D4-4530-8340-7AB76643D66D}"
EndProject
Project("{FAE04EC0-301F-11D3-BF4B-00C04F79EFBC}") = "01. Sevenland Numbers", "01. Sevenland Numbers\01. Sevenland Numbers.csproj", "{27E6F5C3-A09F-4EC4-9B73-666EEDE412F2}"
EndProject
Project("{FAE04EC0-301F-11D3-BF4B-00C04F79EFBC}") = "04 Telerik Logo Matrix", "04 Telerik Logo Matrix\04 Telerik Logo Matrix.csproj", "{8117677C-2E3C-49CB-8937-E0695ACFDF7C}"
EndProject
Project("{FAE04EC0-301F-11D3-BF4B-00C04F79EFBC}") = "04. Telerik Logo Matrix Primer", "04. Telerik Logo Matrix Primer\04. Telerik Logo Matrix Primer.csproj", "{151EE8EE-C149-45DC-9274-DF0F2638E112}"
EndProject
Project("{FAE04EC0-301F-11D3-BF4B-00C04F79EFBC}") = "03. Excel Columns New", "03. Excel Columns New\03. Excel Columns New.csproj", "{C27C23AB-AB28-4C63-8457-DD0245CCEB73}"
EndProject
Project("{FAE04EC0-301F-11D3-BF4B-00C04F79EFBC}") = "05. Bit Ball New", "05. Bit Ball New\05. Bit Ball New.csproj", "{3798D969-237D-4FEA-8C77-399AC5971479}"
EndProject
Project("{FAE04EC0-301F-11D3-BF4B-00C04F79EFBC}") = "02. A-nacci", "02. A-nacci\02. A-nacci.csproj", "{4F756654-9DE4-4783-893A-59C17B8C4878}"
EndProject
Global
	GlobalSection(SolutionConfigurationPlatforms) = preSolution
		Debug|Any CPU = Debug|Any CPU
		Release|Any CPU = Release|Any CPU
	EndGlobalSection
	GlobalSection(ProjectConfigurationPlatforms) = postSolution
		{FF4FCBCF-B8D4-4530-8340-7AB76643D66D}.Debug|Any CPU.ActiveCfg = Debug|Any CPU
		{FF4FCBCF-B8D4-4530-8340-7AB76643D66D}.Debug|Any CPU.Build.0 = Debug|Any CPU
		{FF4FCBCF-B8D4-4530-8340-7AB76643D66D}.Release|Any CPU.ActiveCfg = Release|Any CPU
		{FF4FCBCF-B8D4-4530-8340-7AB76643D66D}.Release|Any CPU.Build.0 = Release|Any CPU
		{27E6F5C3-A09F-4EC4-9B73-666EEDE412F2}.Debug|Any CPU.ActiveCfg = Debug|Any CPU
		{27E6F5C3-A09F-4EC4-9B73-666EEDE412F2}.Debug|Any CPU.Build.0 = Debug|Any CPU
		{27E6F5C3-A09F-4EC4-9B73-666EEDE412F2}.Release|Any CPU.ActiveCfg = Release|Any CPU
		{27E6F5C3-A09F-4EC4-9B73-666EEDE412F2}.Release|Any CPU.Build.0 = Release|Any CPU
		{8117677C-2E3C-49CB-8937-E0695ACFDF7C}.Debug|Any CPU.ActiveCfg = Debug|Any CPU
		{8117677C-2E3C-49CB-8937-E0695ACFDF7C}.Debug|Any CPU.Build.0 = Debug|Any CPU
		{8117677C-2E3C-49CB-8937-E0695ACFDF7C}.Release|Any CPU.ActiveCfg = Release|Any CPU
		{8117677C-2E3C-49CB-8937-E0695ACFDF7C}.Release|Any CPU.Build.0 = Release|Any CPU
		{151EE8EE-C149-45DC-9274-DF0F2638E112}.Debug|Any CPU.ActiveCfg = Debug|Any CPU
		{151EE8EE-C149-45DC-9274-DF0F2638E112}.Debug|Any CPU.Build.0 = Debug|Any CPU
		{151EE8EE-C149-45DC-9274-DF0F2638E112}.Release|Any CPU.ActiveCfg = Release|Any CPU
		{151EE8EE-C149-45DC-9274-DF0F2638E112}.Release|Any CPU.Build.0 = Release|Any CPU
		{C27C23AB-AB28-4C63-8457-DD0245CCEB73}.Debug|Any CPU.ActiveCfg = Debug|Any CPU
		{C27C23AB-AB28-4C63-8457-DD0245CCEB73}.Debug|Any CPU.Build.0 = Debug|Any CPU
		{C27C23AB-AB28-4C63-8457-DD0245CCEB73}.Release|Any CPU.ActiveCfg = Release|Any CPU
		{C27C23AB-AB28-4C63-8457-DD0245CCEB73}.Release|Any CPU.Build.0 = Release|Any CPU
		{3798D969-237D-4FEA-8C77-399AC5971479}.Debug|Any CPU.ActiveCfg = Debug|Any CPU
		{3798D969-237D-4FEA-8C77-399AC5971479}.Debug|Any CPU.Build.0 = Debug|Any CPU
		{3798D969-237D-4FEA-8C77-399AC5971479}.Release|Any CPU.ActiveCfg = Release|Any CPU
		{3798D969-237D-4FEA-8C77-399AC5971479}.Release|Any CPU.Build.0 = Release|Any CPU
		{4F756654-9DE4-4783-893A-59C17B8C4878}.Debug|Any CPU.ActiveCfg = Debug|Any CPU
		{4F756654-9DE4-4783-893A-59C17B8C4878}.Debug|Any CPU.Build.0 = Debug|Any CPU
		{4F756654-9DE4-4783-893A-59C17B8C4878}.Release|Any CPU.ActiveCfg = Release|Any CPU
		{4F756654-9DE4-4783-893A-59C17B8C4878}.Release|Any CPU.Build.0 = Release|Any CPU
	EndGlobalSection
	GlobalSection(SolutionProperties) = preSolution
		HideSolutionNode = FALSE
	EndGlobalSection
EndGlobal
