
Microsoft Visual Studio Solution File, Format Version 12.00
# Visual Studio 2013
VisualStudioVersion = 12.0.31101.0
MinimumVisualStudioVersion = 10.0.40219.1
Project("{FAE04EC0-301F-11D3-BF4B-00C04F79EFBC}") = "01. Ticket CSS", "01. Ticket CSS\01. Ticket CSS.csproj", "{936CB01B-83F1-432A-AB9C-92A846D2A0AC}"
EndProject
Project("{FAE04EC0-301F-11D3-BF4B-00C04F79EFBC}") = "02. International Employees", "02. International Employees\02. International Employees.csproj", "{51CEA255-B388-4192-89CF-AEEF18A53CDB}"
EndProject
Project("{FAE04EC0-301F-11D3-BF4B-00C04F79EFBC}") = "03. Forum Posts", "03. Forum Posts\03. Forum Posts.csproj", "{0B887C5B-3A6F-45D7-9908-46F81142332A}"
EndProject
Global
	GlobalSection(SolutionConfigurationPlatforms) = preSolution
		Debug|Any CPU = Debug|Any CPU
		Release|Any CPU = Release|Any CPU
	EndGlobalSection
	GlobalSection(ProjectConfigurationPlatforms) = postSolution
		{936CB01B-83F1-432A-AB9C-92A846D2A0AC}.Debug|Any CPU.ActiveCfg = Debug|Any CPU
		{936CB01B-83F1-432A-AB9C-92A846D2A0AC}.Debug|Any CPU.Build.0 = Debug|Any CPU
		{936CB01B-83F1-432A-AB9C-92A846D2A0AC}.Release|Any CPU.ActiveCfg = Release|Any CPU
		{936CB01B-83F1-432A-AB9C-92A846D2A0AC}.Release|Any CPU.Build.0 = Release|Any CPU
		{51CEA255-B388-4192-89CF-AEEF18A53CDB}.Debug|Any CPU.ActiveCfg = Debug|Any CPU
		{51CEA255-B388-4192-89CF-AEEF18A53CDB}.Debug|Any CPU.Build.0 = Debug|Any CPU
		{51CEA255-B388-4192-89CF-AEEF18A53CDB}.Release|Any CPU.ActiveCfg = Release|Any CPU
		{51CEA255-B388-4192-89CF-AEEF18A53CDB}.Release|Any CPU.Build.0 = Release|Any CPU
		{0B887C5B-3A6F-45D7-9908-46F81142332A}.Debug|Any CPU.ActiveCfg = Debug|Any CPU
		{0B887C5B-3A6F-45D7-9908-46F81142332A}.Debug|Any CPU.Build.0 = Debug|Any CPU
		{0B887C5B-3A6F-45D7-9908-46F81142332A}.Release|Any CPU.ActiveCfg = Release|Any CPU
		{0B887C5B-3A6F-45D7-9908-46F81142332A}.Release|Any CPU.Build.0 = Release|Any CPU
	EndGlobalSection
	GlobalSection(SolutionProperties) = preSolution
		HideSolutionNode = FALSE
	EndGlobalSection
EndGlobal
