
Microsoft Visual Studio Solution File, Format Version 12.00
# Visual Studio 2013
VisualStudioVersion = 12.0.40629.0
MinimumVisualStudioVersion = 10.0.40219.1
Project("{FAE04EC0-301F-11D3-BF4B-00C04F79EFBC}") = "Task2", "Task2\Task2.csproj", "{FC2E8CD3-1EC7-4B0F-A686-744D2563FEA8}"
EndProject
Project("{FAE04EC0-301F-11D3-BF4B-00C04F79EFBC}") = "Task4", "Task4\Task4.csproj", "{926860DA-4D28-4C4F-B891-5C7F5F686996}"
EndProject
Global
	GlobalSection(SolutionConfigurationPlatforms) = preSolution
		Debug|Any CPU = Debug|Any CPU
		Release|Any CPU = Release|Any CPU
	EndGlobalSection
	GlobalSection(ProjectConfigurationPlatforms) = postSolution
		{FC2E8CD3-1EC7-4B0F-A686-744D2563FEA8}.Debug|Any CPU.ActiveCfg = Debug|Any CPU
		{FC2E8CD3-1EC7-4B0F-A686-744D2563FEA8}.Debug|Any CPU.Build.0 = Debug|Any CPU
		{FC2E8CD3-1EC7-4B0F-A686-744D2563FEA8}.Release|Any CPU.ActiveCfg = Release|Any CPU
		{FC2E8CD3-1EC7-4B0F-A686-744D2563FEA8}.Release|Any CPU.Build.0 = Release|Any CPU
		{926860DA-4D28-4C4F-B891-5C7F5F686996}.Debug|Any CPU.ActiveCfg = Debug|Any CPU
		{926860DA-4D28-4C4F-B891-5C7F5F686996}.Debug|Any CPU.Build.0 = Debug|Any CPU
		{926860DA-4D28-4C4F-B891-5C7F5F686996}.Release|Any CPU.ActiveCfg = Release|Any CPU
		{926860DA-4D28-4C4F-B891-5C7F5F686996}.Release|Any CPU.Build.0 = Release|Any CPU
	EndGlobalSection
	GlobalSection(SolutionProperties) = preSolution
		HideSolutionNode = FALSE
	EndGlobalSection
EndGlobal
