
Microsoft Visual Studio Solution File, Format Version 12.00
# Visual Studio 2013
VisualStudioVersion = 12.0.31101.0
MinimumVisualStudioVersion = 10.0.40219.1
Project("{FAE04EC0-301F-11D3-BF4B-00C04F79EFBC}") = "01. Basic BASIC", "01. Basic BASIC\01. Basic BASIC.csproj", "{ADE69184-F052-4516-8220-0C0E21701351}"
EndProject
Global
	GlobalSection(SolutionConfigurationPlatforms) = preSolution
		Debug|Any CPU = Debug|Any CPU
		Release|Any CPU = Release|Any CPU
	EndGlobalSection
	GlobalSection(ProjectConfigurationPlatforms) = postSolution
		{ADE69184-F052-4516-8220-0C0E21701351}.Debug|Any CPU.ActiveCfg = Debug|Any CPU
		{ADE69184-F052-4516-8220-0C0E21701351}.Debug|Any CPU.Build.0 = Debug|Any CPU
		{ADE69184-F052-4516-8220-0C0E21701351}.Release|Any CPU.ActiveCfg = Release|Any CPU
		{ADE69184-F052-4516-8220-0C0E21701351}.Release|Any CPU.Build.0 = Release|Any CPU
	EndGlobalSection
	GlobalSection(SolutionProperties) = preSolution
		HideSolutionNode = FALSE
	EndGlobalSection
EndGlobal
