
Microsoft Visual Studio Solution File, Format Version 12.00
# Visual Studio 2013
VisualStudioVersion = 12.0.31101.0
MinimumVisualStudioVersion = 10.0.40219.1
Project("{FAE04EC0-301F-11D3-BF4B-00C04F79EFBC}") = "01. Kaspichan Numbers", "01. Kaspichan Numbers\01. Kaspichan Numbers.csproj", "{524EEF2C-CB22-484A-A8AE-F557C92162C7}"
EndProject
Project("{FAE04EC0-301F-11D3-BF4B-00C04F79EFBC}") = "06. Testing", "06. Testing\06. Testing.csproj", "{C5624596-FD38-4AAA-82B4-C180FFAA7108}"
EndProject
Project("{FAE04EC0-301F-11D3-BF4B-00C04F79EFBC}") = "02. Greedy Dwarf", "02. Greedy Dwarf\02. Greedy Dwarf.csproj", "{50040B3E-E842-43A0-9FC5-E8B5BDBC04CE}"
EndProject
Project("{FAE04EC0-301F-11D3-BF4B-00C04F79EFBC}") = "03.Slides", "03.Slides\03.Slides.csproj", "{BA1BD13B-AFC5-4D26-A7C7-0086C69DBE25}"
EndProject
Project("{FAE04EC0-301F-11D3-BF4B-00C04F79EFBC}") = "04. Console Justification", "04. Console Justification\04. Console Justification.csproj", "{D5D74D84-DFCB-4790-BD7F-EEEBBDC46359}"
EndProject
Global
	GlobalSection(SolutionConfigurationPlatforms) = preSolution
		Debug|Any CPU = Debug|Any CPU
		Release|Any CPU = Release|Any CPU
	EndGlobalSection
	GlobalSection(ProjectConfigurationPlatforms) = postSolution
		{524EEF2C-CB22-484A-A8AE-F557C92162C7}.Debug|Any CPU.ActiveCfg = Debug|Any CPU
		{524EEF2C-CB22-484A-A8AE-F557C92162C7}.Debug|Any CPU.Build.0 = Debug|Any CPU
		{524EEF2C-CB22-484A-A8AE-F557C92162C7}.Release|Any CPU.ActiveCfg = Release|Any CPU
		{524EEF2C-CB22-484A-A8AE-F557C92162C7}.Release|Any CPU.Build.0 = Release|Any CPU
		{C5624596-FD38-4AAA-82B4-C180FFAA7108}.Debug|Any CPU.ActiveCfg = Debug|Any CPU
		{C5624596-FD38-4AAA-82B4-C180FFAA7108}.Debug|Any CPU.Build.0 = Debug|Any CPU
		{C5624596-FD38-4AAA-82B4-C180FFAA7108}.Release|Any CPU.ActiveCfg = Release|Any CPU
		{C5624596-FD38-4AAA-82B4-C180FFAA7108}.Release|Any CPU.Build.0 = Release|Any CPU
		{50040B3E-E842-43A0-9FC5-E8B5BDBC04CE}.Debug|Any CPU.ActiveCfg = Debug|Any CPU
		{50040B3E-E842-43A0-9FC5-E8B5BDBC04CE}.Debug|Any CPU.Build.0 = Debug|Any CPU
		{50040B3E-E842-43A0-9FC5-E8B5BDBC04CE}.Release|Any CPU.ActiveCfg = Release|Any CPU
		{50040B3E-E842-43A0-9FC5-E8B5BDBC04CE}.Release|Any CPU.Build.0 = Release|Any CPU
		{BA1BD13B-AFC5-4D26-A7C7-0086C69DBE25}.Debug|Any CPU.ActiveCfg = Debug|Any CPU
		{BA1BD13B-AFC5-4D26-A7C7-0086C69DBE25}.Debug|Any CPU.Build.0 = Debug|Any CPU
		{BA1BD13B-AFC5-4D26-A7C7-0086C69DBE25}.Release|Any CPU.ActiveCfg = Release|Any CPU
		{BA1BD13B-AFC5-4D26-A7C7-0086C69DBE25}.Release|Any CPU.Build.0 = Release|Any CPU
		{D5D74D84-DFCB-4790-BD7F-EEEBBDC46359}.Debug|Any CPU.ActiveCfg = Debug|Any CPU
		{D5D74D84-DFCB-4790-BD7F-EEEBBDC46359}.Debug|Any CPU.Build.0 = Debug|Any CPU
		{D5D74D84-DFCB-4790-BD7F-EEEBBDC46359}.Release|Any CPU.ActiveCfg = Release|Any CPU
		{D5D74D84-DFCB-4790-BD7F-EEEBBDC46359}.Release|Any CPU.Build.0 = Release|Any CPU
	EndGlobalSection
	GlobalSection(SolutionProperties) = preSolution
		HideSolutionNode = FALSE
	EndGlobalSection
EndGlobal
