
Microsoft Visual Studio Solution File, Format Version 12.00
# Visual Studio 14
VisualStudioVersion = 14.0.23107.0
MinimumVisualStudioVersion = 10.0.40219.1
Project("{FAE04EC0-301F-11D3-BF4B-00C04F79EFBC}") = "01.SumAndAverOfSecuence", "01. SumAndAverOfSecuence\01.SumAndAverOfSecuence.csproj", "{6C50AA21-916E-4BC1-931D-87C0B1FBAECC}"
EndProject
Project("{FAE04EC0-301F-11D3-BF4B-00C04F79EFBC}") = "Utility", "Utility\Utility.csproj", "{D828F238-5469-4CCD-B10C-7A934157490F}"
EndProject
Project("{FAE04EC0-301F-11D3-BF4B-00C04F79EFBC}") = "02.ReverseSequence", "02. ReverseSequence\02.ReverseSequence.csproj", "{A117099A-808E-4A91-A6F9-FEDD0EC59AA8}"
EndProject
Project("{FAE04EC0-301F-11D3-BF4B-00C04F79EFBC}") = "03.SortInputElements", "03. SortInputElements\03.SortInputElements.csproj", "{9F65B9E4-A98C-4985-8FD6-F9DCB7A0ECBF}"
EndProject
Project("{FAE04EC0-301F-11D3-BF4B-00C04F79EFBC}") = "04.LongestEqualSubseq", "04. LongestEqualSubseq\04.LongestEqualSubseq.csproj", "{97E6A137-FD47-42F8-ABA4-826E88865D76}"
EndProject
Project("{FAE04EC0-301F-11D3-BF4B-00C04F79EFBC}") = "LinearDataStruct.Test", "LinearDataStruct.Test\LinearDataStruct.Test.csproj", "{821B58BB-4C83-478B-BCF3-1CC675B9DCE7}"
EndProject
Project("{FAE04EC0-301F-11D3-BF4B-00C04F79EFBC}") = "05.RemoveNegativeNumbers", "05.RemoveNegativeNumbers\05.RemoveNegativeNumbers.csproj", "{A21E5D9F-6251-46D1-AA07-5E1285F26898}"
EndProject
Project("{FAE04EC0-301F-11D3-BF4B-00C04F79EFBC}") = "06.EvenOccurrencesFinder", "06.EvenOccurrencesFinder\06.EvenOccurrencesFinder.csproj", "{4D8C0B3B-47FF-468C-85AF-3E1555785191}"
EndProject
Project("{FAE04EC0-301F-11D3-BF4B-00C04F79EFBC}") = "07.Number Of Occurences", "07.Number Of Occurences\07.Number Of Occurences.csproj", "{BC6D0FE9-B7BA-4F4C-96D1-07272482C090}"
EndProject
Project("{FAE04EC0-301F-11D3-BF4B-00C04F79EFBC}") = "08. Majorant", "08. Majorant\08. Majorant.csproj", "{62AA5DAE-6222-40C2-BFFA-E232EFFF2094}"
EndProject
Project("{FAE04EC0-301F-11D3-BF4B-00C04F79EFBC}") = "09.FindNextMembers", "09.FindNextMembers\09.FindNextMembers.csproj", "{61D8C131-1844-470D-8D46-F978A73A8A74}"
EndProject
Project("{FAE04EC0-301F-11D3-BF4B-00C04F79EFBC}") = "10.ShortestSequance", "10.ShortestSequance\10.ShortestSequance.csproj", "{E5851B63-DFBC-4450-883A-8BD2DDC9B019}"
EndProject
Project("{FAE04EC0-301F-11D3-BF4B-00C04F79EFBC}") = "11. LinkedList", "11. LinkedList\11. LinkedList.csproj", "{26BDFC70-2BE7-45FE-BF08-A9106ECE4CBC}"
EndProject
Project("{FAE04EC0-301F-11D3-BF4B-00C04F79EFBC}") = "12.Stack ADT", "12.Stack ADT\12.Stack ADT.csproj", "{9C44D0A4-DE7B-40BD-8B4D-89BC61AB9166}"
EndProject
Project("{FAE04EC0-301F-11D3-BF4B-00C04F79EFBC}") = "13.Queue ADT", "13.Queue ADT\13.Queue ADT.csproj", "{D149FEDC-845A-48CE-82C6-DAB9B79F1F9A}"
EndProject
Project("{FAE04EC0-301F-11D3-BF4B-00C04F79EFBC}") = "14.Labyrinth", "14.Labyrinth\14.Labyrinth.csproj", "{3A110630-B027-4D71-87C5-A7DA4F3402D9}"
EndProject
Global
	GlobalSection(SolutionConfigurationPlatforms) = preSolution
		Debug|Any CPU = Debug|Any CPU
		Release|Any CPU = Release|Any CPU
	EndGlobalSection
	GlobalSection(ProjectConfigurationPlatforms) = postSolution
		{6C50AA21-916E-4BC1-931D-87C0B1FBAECC}.Debug|Any CPU.ActiveCfg = Debug|Any CPU
		{6C50AA21-916E-4BC1-931D-87C0B1FBAECC}.Debug|Any CPU.Build.0 = Debug|Any CPU
		{6C50AA21-916E-4BC1-931D-87C0B1FBAECC}.Release|Any CPU.ActiveCfg = Release|Any CPU
		{6C50AA21-916E-4BC1-931D-87C0B1FBAECC}.Release|Any CPU.Build.0 = Release|Any CPU
		{D828F238-5469-4CCD-B10C-7A934157490F}.Debug|Any CPU.ActiveCfg = Debug|Any CPU
		{D828F238-5469-4CCD-B10C-7A934157490F}.Debug|Any CPU.Build.0 = Debug|Any CPU
		{D828F238-5469-4CCD-B10C-7A934157490F}.Release|Any CPU.ActiveCfg = Release|Any CPU
		{D828F238-5469-4CCD-B10C-7A934157490F}.Release|Any CPU.Build.0 = Release|Any CPU
		{A117099A-808E-4A91-A6F9-FEDD0EC59AA8}.Debug|Any CPU.ActiveCfg = Debug|Any CPU
		{A117099A-808E-4A91-A6F9-FEDD0EC59AA8}.Debug|Any CPU.Build.0 = Debug|Any CPU
		{A117099A-808E-4A91-A6F9-FEDD0EC59AA8}.Release|Any CPU.ActiveCfg = Release|Any CPU
		{A117099A-808E-4A91-A6F9-FEDD0EC59AA8}.Release|Any CPU.Build.0 = Release|Any CPU
		{9F65B9E4-A98C-4985-8FD6-F9DCB7A0ECBF}.Debug|Any CPU.ActiveCfg = Debug|Any CPU
		{9F65B9E4-A98C-4985-8FD6-F9DCB7A0ECBF}.Debug|Any CPU.Build.0 = Debug|Any CPU
		{9F65B9E4-A98C-4985-8FD6-F9DCB7A0ECBF}.Release|Any CPU.ActiveCfg = Release|Any CPU
		{9F65B9E4-A98C-4985-8FD6-F9DCB7A0ECBF}.Release|Any CPU.Build.0 = Release|Any CPU
		{97E6A137-FD47-42F8-ABA4-826E88865D76}.Debug|Any CPU.ActiveCfg = Debug|Any CPU
		{97E6A137-FD47-42F8-ABA4-826E88865D76}.Debug|Any CPU.Build.0 = Debug|Any CPU
		{97E6A137-FD47-42F8-ABA4-826E88865D76}.Release|Any CPU.ActiveCfg = Release|Any CPU
		{97E6A137-FD47-42F8-ABA4-826E88865D76}.Release|Any CPU.Build.0 = Release|Any CPU
		{821B58BB-4C83-478B-BCF3-1CC675B9DCE7}.Debug|Any CPU.ActiveCfg = Debug|Any CPU
		{821B58BB-4C83-478B-BCF3-1CC675B9DCE7}.Debug|Any CPU.Build.0 = Debug|Any CPU
		{821B58BB-4C83-478B-BCF3-1CC675B9DCE7}.Release|Any CPU.ActiveCfg = Release|Any CPU
		{821B58BB-4C83-478B-BCF3-1CC675B9DCE7}.Release|Any CPU.Build.0 = Release|Any CPU
		{A21E5D9F-6251-46D1-AA07-5E1285F26898}.Debug|Any CPU.ActiveCfg = Debug|Any CPU
		{A21E5D9F-6251-46D1-AA07-5E1285F26898}.Debug|Any CPU.Build.0 = Debug|Any CPU
		{A21E5D9F-6251-46D1-AA07-5E1285F26898}.Release|Any CPU.ActiveCfg = Release|Any CPU
		{A21E5D9F-6251-46D1-AA07-5E1285F26898}.Release|Any CPU.Build.0 = Release|Any CPU
		{4D8C0B3B-47FF-468C-85AF-3E1555785191}.Debug|Any CPU.ActiveCfg = Debug|Any CPU
		{4D8C0B3B-47FF-468C-85AF-3E1555785191}.Debug|Any CPU.Build.0 = Debug|Any CPU
		{4D8C0B3B-47FF-468C-85AF-3E1555785191}.Release|Any CPU.ActiveCfg = Release|Any CPU
		{4D8C0B3B-47FF-468C-85AF-3E1555785191}.Release|Any CPU.Build.0 = Release|Any CPU
		{BC6D0FE9-B7BA-4F4C-96D1-07272482C090}.Debug|Any CPU.ActiveCfg = Debug|Any CPU
		{BC6D0FE9-B7BA-4F4C-96D1-07272482C090}.Debug|Any CPU.Build.0 = Debug|Any CPU
		{BC6D0FE9-B7BA-4F4C-96D1-07272482C090}.Release|Any CPU.ActiveCfg = Release|Any CPU
		{BC6D0FE9-B7BA-4F4C-96D1-07272482C090}.Release|Any CPU.Build.0 = Release|Any CPU
		{62AA5DAE-6222-40C2-BFFA-E232EFFF2094}.Debug|Any CPU.ActiveCfg = Debug|Any CPU
		{62AA5DAE-6222-40C2-BFFA-E232EFFF2094}.Debug|Any CPU.Build.0 = Debug|Any CPU
		{62AA5DAE-6222-40C2-BFFA-E232EFFF2094}.Release|Any CPU.ActiveCfg = Release|Any CPU
		{62AA5DAE-6222-40C2-BFFA-E232EFFF2094}.Release|Any CPU.Build.0 = Release|Any CPU
		{61D8C131-1844-470D-8D46-F978A73A8A74}.Debug|Any CPU.ActiveCfg = Debug|Any CPU
		{61D8C131-1844-470D-8D46-F978A73A8A74}.Debug|Any CPU.Build.0 = Debug|Any CPU
		{61D8C131-1844-470D-8D46-F978A73A8A74}.Release|Any CPU.ActiveCfg = Release|Any CPU
		{61D8C131-1844-470D-8D46-F978A73A8A74}.Release|Any CPU.Build.0 = Release|Any CPU
		{E5851B63-DFBC-4450-883A-8BD2DDC9B019}.Debug|Any CPU.ActiveCfg = Debug|Any CPU
		{E5851B63-DFBC-4450-883A-8BD2DDC9B019}.Debug|Any CPU.Build.0 = Debug|Any CPU
		{E5851B63-DFBC-4450-883A-8BD2DDC9B019}.Release|Any CPU.ActiveCfg = Release|Any CPU
		{E5851B63-DFBC-4450-883A-8BD2DDC9B019}.Release|Any CPU.Build.0 = Release|Any CPU
		{26BDFC70-2BE7-45FE-BF08-A9106ECE4CBC}.Debug|Any CPU.ActiveCfg = Debug|Any CPU
		{26BDFC70-2BE7-45FE-BF08-A9106ECE4CBC}.Debug|Any CPU.Build.0 = Debug|Any CPU
		{26BDFC70-2BE7-45FE-BF08-A9106ECE4CBC}.Release|Any CPU.ActiveCfg = Release|Any CPU
		{26BDFC70-2BE7-45FE-BF08-A9106ECE4CBC}.Release|Any CPU.Build.0 = Release|Any CPU
		{9C44D0A4-DE7B-40BD-8B4D-89BC61AB9166}.Debug|Any CPU.ActiveCfg = Debug|Any CPU
		{9C44D0A4-DE7B-40BD-8B4D-89BC61AB9166}.Debug|Any CPU.Build.0 = Debug|Any CPU
		{9C44D0A4-DE7B-40BD-8B4D-89BC61AB9166}.Release|Any CPU.ActiveCfg = Release|Any CPU
		{9C44D0A4-DE7B-40BD-8B4D-89BC61AB9166}.Release|Any CPU.Build.0 = Release|Any CPU
		{D149FEDC-845A-48CE-82C6-DAB9B79F1F9A}.Debug|Any CPU.ActiveCfg = Debug|Any CPU
		{D149FEDC-845A-48CE-82C6-DAB9B79F1F9A}.Debug|Any CPU.Build.0 = Debug|Any CPU
		{D149FEDC-845A-48CE-82C6-DAB9B79F1F9A}.Release|Any CPU.ActiveCfg = Release|Any CPU
		{D149FEDC-845A-48CE-82C6-DAB9B79F1F9A}.Release|Any CPU.Build.0 = Release|Any CPU
		{3A110630-B027-4D71-87C5-A7DA4F3402D9}.Debug|Any CPU.ActiveCfg = Debug|Any CPU
		{3A110630-B027-4D71-87C5-A7DA4F3402D9}.Debug|Any CPU.Build.0 = Debug|Any CPU
		{3A110630-B027-4D71-87C5-A7DA4F3402D9}.Release|Any CPU.ActiveCfg = Release|Any CPU
		{3A110630-B027-4D71-87C5-A7DA4F3402D9}.Release|Any CPU.Build.0 = Release|Any CPU
	EndGlobalSection
	GlobalSection(SolutionProperties) = preSolution
		HideSolutionNode = FALSE
	EndGlobalSection
EndGlobal
