
Microsoft Visual Studio Solution File, Format Version 12.00
# Visual Studio 2013
VisualStudioVersion = 12.0.31101.0
MinimumVisualStudioVersion = 10.0.40219.1
Project("{FAE04EC0-301F-11D3-BF4B-00C04F79EFBC}") = "Task1", "Task1\Task1.csproj", "{0D3CAE07-61CA-419D-B065-9B3D9830ED96}"
EndProject
Project("{FAE04EC0-301F-11D3-BF4B-00C04F79EFBC}") = "Task2", "Task2\Task2.csproj", "{A0FAC24C-2102-43C9-92A2-C543972A41DB}"
EndProject
Global
	GlobalSection(SolutionConfigurationPlatforms) = preSolution
		Debug|Any CPU = Debug|Any CPU
		Release|Any CPU = Release|Any CPU
	EndGlobalSection
	GlobalSection(ProjectConfigurationPlatforms) = postSolution
		{0D3CAE07-61CA-419D-B065-9B3D9830ED96}.Debug|Any CPU.ActiveCfg = Debug|Any CPU
		{0D3CAE07-61CA-419D-B065-9B3D9830ED96}.Debug|Any CPU.Build.0 = Debug|Any CPU
		{0D3CAE07-61CA-419D-B065-9B3D9830ED96}.Release|Any CPU.ActiveCfg = Release|Any CPU
		{0D3CAE07-61CA-419D-B065-9B3D9830ED96}.Release|Any CPU.Build.0 = Release|Any CPU
		{A0FAC24C-2102-43C9-92A2-C543972A41DB}.Debug|Any CPU.ActiveCfg = Debug|Any CPU
		{A0FAC24C-2102-43C9-92A2-C543972A41DB}.Debug|Any CPU.Build.0 = Debug|Any CPU
		{A0FAC24C-2102-43C9-92A2-C543972A41DB}.Release|Any CPU.ActiveCfg = Release|Any CPU
		{A0FAC24C-2102-43C9-92A2-C543972A41DB}.Release|Any CPU.Build.0 = Release|Any CPU
	EndGlobalSection
	GlobalSection(SolutionProperties) = preSolution
		HideSolutionNode = FALSE
	EndGlobalSection
EndGlobal
