
Microsoft Visual Studio Solution File, Format Version 12.00
# Visual Studio 2013
VisualStudioVersion = 12.0.30723.0
MinimumVisualStudioVersion = 10.0.40219.1
Project("{FAE04EC0-301F-11D3-BF4B-00C04F79EFBC}") = "Test", "Test\Test.csproj", "{1C5233BC-3E31-4E18-9A40-4182550DE983}"
EndProject
Project("{FAE04EC0-301F-11D3-BF4B-00C04F79EFBC}") = "Test2", "Test2\Test2.csproj", "{5E287664-932F-4C0C-9472-42310609DBFF}"
EndProject
Project("{FAE04EC0-301F-11D3-BF4B-00C04F79EFBC}") = "Тест3", "Тест3\Тест3.csproj", "{886C8E0B-8800-4CCE-863E-4E838052F364}"
EndProject
Project("{FAE04EC0-301F-11D3-BF4B-00C04F79EFBC}") = "01.PrintName", "01.PrintName\01.PrintName.csproj", "{9383D66F-40D9-45BE-ADF7-EBB4D440193E}"
EndProject
Project("{FAE04EC0-301F-11D3-BF4B-00C04F79EFBC}") = "01.PrintNameTest", "01.PrintNameTest\01.PrintNameTest.csproj", "{7DA734A2-943F-4389-88CE-48C15075640E}"
EndProject
Project("{FAE04EC0-301F-11D3-BF4B-00C04F79EFBC}") = "02.GetMax", "02.GetMax\02.GetMax.csproj", "{50EF5368-1078-453F-9A85-FE03C18FB4AD}"
EndProject
Project("{FAE04EC0-301F-11D3-BF4B-00C04F79EFBC}") = "03.NameOfLastDigit", "03.NameOfLastDigit\03.NameOfLastDigit.csproj", "{E1CD6019-50BD-43C1-A808-8FC1E972774F}"
EndProject
Project("{FAE04EC0-301F-11D3-BF4B-00C04F79EFBC}") = "04.NumberOccursInArray", "04.NumberOccursInArray\04.NumberOccursInArray.csproj", "{D6376428-A662-4A8E-A402-CA7FEFF4C0DB}"
EndProject
Project("{FAE04EC0-301F-11D3-BF4B-00C04F79EFBC}") = "04.NumberOccursInArrayTest", "NumberOccursInArrayTest\04.NumberOccursInArrayTest.csproj", "{EF7910BB-4062-44A8-AB5A-A641E8F68175}"
EndProject
Project("{FAE04EC0-301F-11D3-BF4B-00C04F79EFBC}") = "05.BiggerFromItsNeighbours", "05.BiggerFromItsNeighbours\05.BiggerFromItsNeighbours.csproj", "{000F8FF9-9A58-4777-8512-B206A5F6C890}"
EndProject
Project("{FAE04EC0-301F-11D3-BF4B-00C04F79EFBC}") = "05.BiggerFromItsNeighboursTest", "05.BiggerFromItsNeighboursTest\05.BiggerFromItsNeighboursTest.csproj", "{60709EAD-9406-4EEC-8EAB-BCFFA386021D}"
EndProject
Project("{FAE04EC0-301F-11D3-BF4B-00C04F79EFBC}") = "06.FirstBiggerThanNeighbours", "06.FirstBiggerThanNeighbours\06.FirstBiggerThanNeighbours.csproj", "{A3AB5124-22CB-46B8-A9A7-B3CCE1188BFD}"
EndProject
Project("{FAE04EC0-301F-11D3-BF4B-00C04F79EFBC}") = "06.FirstBiggerThanNeighboursTest", "06.FirstBiggerThanNeighboursTest\06.FirstBiggerThanNeighboursTest.csproj", "{6F9E8F48-ADED-4F0D-819F-E35C92C96E9A}"
EndProject
Project("{FAE04EC0-301F-11D3-BF4B-00C04F79EFBC}") = "07.ReverseDigitsOfNumber", "07.ReverseDigitsOfNumber\07.ReverseDigitsOfNumber.csproj", "{4A0C4A3A-B6AF-4FC5-9E30-77EC5EFA4946}"
EndProject
Project("{FAE04EC0-301F-11D3-BF4B-00C04F79EFBC}") = "08.AdditionOfTwoNumbers", "08.AdditionOfTwoNumbers\08.AdditionOfTwoNumbers.csproj", "{14633091-B744-4CE8-9E95-065647B7F6FD}"
EndProject
Project("{FAE04EC0-301F-11D3-BF4B-00C04F79EFBC}") = "08.AdditionOfTwoNumbers_01", "08.AdditionOfTwoNumbers_01\08.AdditionOfTwoNumbers_01.csproj", "{2FB0D3D3-261E-4D69-AE98-9A3350F23475}"
EndProject
Project("{FAE04EC0-301F-11D3-BF4B-00C04F79EFBC}") = "09.SelectionSort", "09.SelectionSort\09.SelectionSort.csproj", "{AEDDA50B-F80C-4095-A225-3018B889A7D8}"
EndProject
Project("{FAE04EC0-301F-11D3-BF4B-00C04F79EFBC}") = "10.Facturel", "10.Facturel\10.Facturel.csproj", "{97494283-FE0C-4B78-80CF-848F1E7178EE}"
EndProject
Project("{FAE04EC0-301F-11D3-BF4B-00C04F79EFBC}") = "11.AddTwoPolinoms", "11.AddTwoPolinoms\11.AddTwoPolinoms.csproj", "{16A32BE2-70BC-415E-9AA9-2E1A351E94C9}"
EndProject
Project("{FAE04EC0-301F-11D3-BF4B-00C04F79EFBC}") = "11.SubtractionAndMultiplicationOfPolinoms", "11.SubtractionAndMultiplicationOfPolinoms\11.SubtractionAndMultiplicationOfPolinoms.csproj", "{76F1FB90-74F1-4A4E-87E6-60431F95F3C8}"
EndProject
Project("{FAE04EC0-301F-11D3-BF4B-00C04F79EFBC}") = "13.SloveTasks", "13.SloveTasks\13.SloveTasks.csproj", "{2BF3A8A5-8ABC-4EAE-B2DB-5CCFE32FC923}"
EndProject
Project("{FAE04EC0-301F-11D3-BF4B-00C04F79EFBC}") = "14.CalculatesMethods", "14.CalculatesMethods\14.CalculatesMethods.csproj", "{C6A2E472-A188-4FAC-9574-1F0E7B1964F6}"
EndProject
Project("{FAE04EC0-301F-11D3-BF4B-00C04F79EFBC}") = "15.CalculatesMethodsGenericTypes", "15.CalculatesMethodsGenericTypes\15.CalculatesMethodsGenericTypes.csproj", "{0ECBE18F-2E70-4F86-A3F6-96BF44752167}"
EndProject
Global
	GlobalSection(SolutionConfigurationPlatforms) = preSolution
		Debug|Any CPU = Debug|Any CPU
		Release|Any CPU = Release|Any CPU
	EndGlobalSection
	GlobalSection(ProjectConfigurationPlatforms) = postSolution
		{1C5233BC-3E31-4E18-9A40-4182550DE983}.Debug|Any CPU.ActiveCfg = Debug|Any CPU
		{1C5233BC-3E31-4E18-9A40-4182550DE983}.Debug|Any CPU.Build.0 = Debug|Any CPU
		{1C5233BC-3E31-4E18-9A40-4182550DE983}.Release|Any CPU.ActiveCfg = Release|Any CPU
		{1C5233BC-3E31-4E18-9A40-4182550DE983}.Release|Any CPU.Build.0 = Release|Any CPU
		{5E287664-932F-4C0C-9472-42310609DBFF}.Debug|Any CPU.ActiveCfg = Debug|Any CPU
		{5E287664-932F-4C0C-9472-42310609DBFF}.Debug|Any CPU.Build.0 = Debug|Any CPU
		{5E287664-932F-4C0C-9472-42310609DBFF}.Release|Any CPU.ActiveCfg = Release|Any CPU
		{5E287664-932F-4C0C-9472-42310609DBFF}.Release|Any CPU.Build.0 = Release|Any CPU
		{886C8E0B-8800-4CCE-863E-4E838052F364}.Debug|Any CPU.ActiveCfg = Debug|Any CPU
		{886C8E0B-8800-4CCE-863E-4E838052F364}.Debug|Any CPU.Build.0 = Debug|Any CPU
		{886C8E0B-8800-4CCE-863E-4E838052F364}.Release|Any CPU.ActiveCfg = Release|Any CPU
		{886C8E0B-8800-4CCE-863E-4E838052F364}.Release|Any CPU.Build.0 = Release|Any CPU
		{9383D66F-40D9-45BE-ADF7-EBB4D440193E}.Debug|Any CPU.ActiveCfg = Debug|Any CPU
		{9383D66F-40D9-45BE-ADF7-EBB4D440193E}.Debug|Any CPU.Build.0 = Debug|Any CPU
		{9383D66F-40D9-45BE-ADF7-EBB4D440193E}.Release|Any CPU.ActiveCfg = Release|Any CPU
		{9383D66F-40D9-45BE-ADF7-EBB4D440193E}.Release|Any CPU.Build.0 = Release|Any CPU
		{7DA734A2-943F-4389-88CE-48C15075640E}.Debug|Any CPU.ActiveCfg = Debug|Any CPU
		{7DA734A2-943F-4389-88CE-48C15075640E}.Debug|Any CPU.Build.0 = Debug|Any CPU
		{7DA734A2-943F-4389-88CE-48C15075640E}.Release|Any CPU.ActiveCfg = Release|Any CPU
		{7DA734A2-943F-4389-88CE-48C15075640E}.Release|Any CPU.Build.0 = Release|Any CPU
		{50EF5368-1078-453F-9A85-FE03C18FB4AD}.Debug|Any CPU.ActiveCfg = Debug|Any CPU
		{50EF5368-1078-453F-9A85-FE03C18FB4AD}.Debug|Any CPU.Build.0 = Debug|Any CPU
		{50EF5368-1078-453F-9A85-FE03C18FB4AD}.Release|Any CPU.ActiveCfg = Release|Any CPU
		{50EF5368-1078-453F-9A85-FE03C18FB4AD}.Release|Any CPU.Build.0 = Release|Any CPU
		{E1CD6019-50BD-43C1-A808-8FC1E972774F}.Debug|Any CPU.ActiveCfg = Debug|Any CPU
		{E1CD6019-50BD-43C1-A808-8FC1E972774F}.Debug|Any CPU.Build.0 = Debug|Any CPU
		{E1CD6019-50BD-43C1-A808-8FC1E972774F}.Release|Any CPU.ActiveCfg = Release|Any CPU
		{E1CD6019-50BD-43C1-A808-8FC1E972774F}.Release|Any CPU.Build.0 = Release|Any CPU
		{D6376428-A662-4A8E-A402-CA7FEFF4C0DB}.Debug|Any CPU.ActiveCfg = Debug|Any CPU
		{D6376428-A662-4A8E-A402-CA7FEFF4C0DB}.Debug|Any CPU.Build.0 = Debug|Any CPU
		{D6376428-A662-4A8E-A402-CA7FEFF4C0DB}.Release|Any CPU.ActiveCfg = Release|Any CPU
		{D6376428-A662-4A8E-A402-CA7FEFF4C0DB}.Release|Any CPU.Build.0 = Release|Any CPU
		{EF7910BB-4062-44A8-AB5A-A641E8F68175}.Debug|Any CPU.ActiveCfg = Debug|Any CPU
		{EF7910BB-4062-44A8-AB5A-A641E8F68175}.Debug|Any CPU.Build.0 = Debug|Any CPU
		{EF7910BB-4062-44A8-AB5A-A641E8F68175}.Release|Any CPU.ActiveCfg = Release|Any CPU
		{EF7910BB-4062-44A8-AB5A-A641E8F68175}.Release|Any CPU.Build.0 = Release|Any CPU
		{000F8FF9-9A58-4777-8512-B206A5F6C890}.Debug|Any CPU.ActiveCfg = Debug|Any CPU
		{000F8FF9-9A58-4777-8512-B206A5F6C890}.Debug|Any CPU.Build.0 = Debug|Any CPU
		{000F8FF9-9A58-4777-8512-B206A5F6C890}.Release|Any CPU.ActiveCfg = Release|Any CPU
		{000F8FF9-9A58-4777-8512-B206A5F6C890}.Release|Any CPU.Build.0 = Release|Any CPU
		{60709EAD-9406-4EEC-8EAB-BCFFA386021D}.Debug|Any CPU.ActiveCfg = Debug|Any CPU
		{60709EAD-9406-4EEC-8EAB-BCFFA386021D}.Debug|Any CPU.Build.0 = Debug|Any CPU
		{60709EAD-9406-4EEC-8EAB-BCFFA386021D}.Release|Any CPU.ActiveCfg = Release|Any CPU
		{60709EAD-9406-4EEC-8EAB-BCFFA386021D}.Release|Any CPU.Build.0 = Release|Any CPU
		{A3AB5124-22CB-46B8-A9A7-B3CCE1188BFD}.Debug|Any CPU.ActiveCfg = Debug|Any CPU
		{A3AB5124-22CB-46B8-A9A7-B3CCE1188BFD}.Debug|Any CPU.Build.0 = Debug|Any CPU
		{A3AB5124-22CB-46B8-A9A7-B3CCE1188BFD}.Release|Any CPU.ActiveCfg = Release|Any CPU
		{A3AB5124-22CB-46B8-A9A7-B3CCE1188BFD}.Release|Any CPU.Build.0 = Release|Any CPU
		{6F9E8F48-ADED-4F0D-819F-E35C92C96E9A}.Debug|Any CPU.ActiveCfg = Debug|Any CPU
		{6F9E8F48-ADED-4F0D-819F-E35C92C96E9A}.Debug|Any CPU.Build.0 = Debug|Any CPU
		{6F9E8F48-ADED-4F0D-819F-E35C92C96E9A}.Release|Any CPU.ActiveCfg = Release|Any CPU
		{6F9E8F48-ADED-4F0D-819F-E35C92C96E9A}.Release|Any CPU.Build.0 = Release|Any CPU
		{4A0C4A3A-B6AF-4FC5-9E30-77EC5EFA4946}.Debug|Any CPU.ActiveCfg = Debug|Any CPU
		{4A0C4A3A-B6AF-4FC5-9E30-77EC5EFA4946}.Debug|Any CPU.Build.0 = Debug|Any CPU
		{4A0C4A3A-B6AF-4FC5-9E30-77EC5EFA4946}.Release|Any CPU.ActiveCfg = Release|Any CPU
		{4A0C4A3A-B6AF-4FC5-9E30-77EC5EFA4946}.Release|Any CPU.Build.0 = Release|Any CPU
		{14633091-B744-4CE8-9E95-065647B7F6FD}.Debug|Any CPU.ActiveCfg = Debug|Any CPU
		{14633091-B744-4CE8-9E95-065647B7F6FD}.Debug|Any CPU.Build.0 = Debug|Any CPU
		{14633091-B744-4CE8-9E95-065647B7F6FD}.Release|Any CPU.ActiveCfg = Release|Any CPU
		{14633091-B744-4CE8-9E95-065647B7F6FD}.Release|Any CPU.Build.0 = Release|Any CPU
		{2FB0D3D3-261E-4D69-AE98-9A3350F23475}.Debug|Any CPU.ActiveCfg = Debug|Any CPU
		{2FB0D3D3-261E-4D69-AE98-9A3350F23475}.Debug|Any CPU.Build.0 = Debug|Any CPU
		{2FB0D3D3-261E-4D69-AE98-9A3350F23475}.Release|Any CPU.ActiveCfg = Release|Any CPU
		{2FB0D3D3-261E-4D69-AE98-9A3350F23475}.Release|Any CPU.Build.0 = Release|Any CPU
		{AEDDA50B-F80C-4095-A225-3018B889A7D8}.Debug|Any CPU.ActiveCfg = Debug|Any CPU
		{AEDDA50B-F80C-4095-A225-3018B889A7D8}.Debug|Any CPU.Build.0 = Debug|Any CPU
		{AEDDA50B-F80C-4095-A225-3018B889A7D8}.Release|Any CPU.ActiveCfg = Release|Any CPU
		{AEDDA50B-F80C-4095-A225-3018B889A7D8}.Release|Any CPU.Build.0 = Release|Any CPU
		{97494283-FE0C-4B78-80CF-848F1E7178EE}.Debug|Any CPU.ActiveCfg = Debug|Any CPU
		{97494283-FE0C-4B78-80CF-848F1E7178EE}.Debug|Any CPU.Build.0 = Debug|Any CPU
		{97494283-FE0C-4B78-80CF-848F1E7178EE}.Release|Any CPU.ActiveCfg = Release|Any CPU
		{97494283-FE0C-4B78-80CF-848F1E7178EE}.Release|Any CPU.Build.0 = Release|Any CPU
		{16A32BE2-70BC-415E-9AA9-2E1A351E94C9}.Debug|Any CPU.ActiveCfg = Debug|Any CPU
		{16A32BE2-70BC-415E-9AA9-2E1A351E94C9}.Debug|Any CPU.Build.0 = Debug|Any CPU
		{16A32BE2-70BC-415E-9AA9-2E1A351E94C9}.Release|Any CPU.ActiveCfg = Release|Any CPU
		{16A32BE2-70BC-415E-9AA9-2E1A351E94C9}.Release|Any CPU.Build.0 = Release|Any CPU
		{76F1FB90-74F1-4A4E-87E6-60431F95F3C8}.Debug|Any CPU.ActiveCfg = Debug|Any CPU
		{76F1FB90-74F1-4A4E-87E6-60431F95F3C8}.Debug|Any CPU.Build.0 = Debug|Any CPU
		{76F1FB90-74F1-4A4E-87E6-60431F95F3C8}.Release|Any CPU.ActiveCfg = Release|Any CPU
		{76F1FB90-74F1-4A4E-87E6-60431F95F3C8}.Release|Any CPU.Build.0 = Release|Any CPU
		{2BF3A8A5-8ABC-4EAE-B2DB-5CCFE32FC923}.Debug|Any CPU.ActiveCfg = Debug|Any CPU
		{2BF3A8A5-8ABC-4EAE-B2DB-5CCFE32FC923}.Debug|Any CPU.Build.0 = Debug|Any CPU
		{2BF3A8A5-8ABC-4EAE-B2DB-5CCFE32FC923}.Release|Any CPU.ActiveCfg = Release|Any CPU
		{2BF3A8A5-8ABC-4EAE-B2DB-5CCFE32FC923}.Release|Any CPU.Build.0 = Release|Any CPU
		{C6A2E472-A188-4FAC-9574-1F0E7B1964F6}.Debug|Any CPU.ActiveCfg = Debug|Any CPU
		{C6A2E472-A188-4FAC-9574-1F0E7B1964F6}.Debug|Any CPU.Build.0 = Debug|Any CPU
		{C6A2E472-A188-4FAC-9574-1F0E7B1964F6}.Release|Any CPU.ActiveCfg = Release|Any CPU
		{C6A2E472-A188-4FAC-9574-1F0E7B1964F6}.Release|Any CPU.Build.0 = Release|Any CPU
		{0ECBE18F-2E70-4F86-A3F6-96BF44752167}.Debug|Any CPU.ActiveCfg = Debug|Any CPU
		{0ECBE18F-2E70-4F86-A3F6-96BF44752167}.Debug|Any CPU.Build.0 = Debug|Any CPU
		{0ECBE18F-2E70-4F86-A3F6-96BF44752167}.Release|Any CPU.ActiveCfg = Release|Any CPU
		{0ECBE18F-2E70-4F86-A3F6-96BF44752167}.Release|Any CPU.Build.0 = Release|Any CPU
	EndGlobalSection
	GlobalSection(SolutionProperties) = preSolution
		HideSolutionNode = FALSE
	EndGlobalSection
EndGlobal
