
Microsoft Visual Studio Solution File, Format Version 12.00
# Visual Studio 2013
VisualStudioVersion = 12.0.20623.1 VSUPREVIEW
MinimumVisualStudioVersion = 10.0.40219.1
Project("{FAE04EC0-301F-11D3-BF4B-00C04F79EFBC}") = "Lines3D", "Lines3D\Lines3D.csproj", "{17FE7364-731B-48E5-9716-42E827937D60}"
EndProject
Project("{FAE04EC0-301F-11D3-BF4B-00C04F79EFBC}") = "BombingCuboids", "BombingCuboids\BombingCuboids.csproj", "{B84254E3-CFCD-497B-8FA8-2E322B6ADA9F}"
EndProject
Global
	GlobalSection(SolutionConfigurationPlatforms) = preSolution
		Debug|Any CPU = Debug|Any CPU
		Release|Any CPU = Release|Any CPU
	EndGlobalSection
	GlobalSection(ProjectConfigurationPlatforms) = postSolution
		{17FE7364-731B-48E5-9716-42E827937D60}.Debug|Any CPU.ActiveCfg = Debug|Any CPU
		{17FE7364-731B-48E5-9716-42E827937D60}.Debug|Any CPU.Build.0 = Debug|Any CPU
		{17FE7364-731B-48E5-9716-42E827937D60}.Release|Any CPU.ActiveCfg = Release|Any CPU
		{17FE7364-731B-48E5-9716-42E827937D60}.Release|Any CPU.Build.0 = Release|Any CPU
		{B84254E3-CFCD-497B-8FA8-2E322B6ADA9F}.Debug|Any CPU.ActiveCfg = Debug|Any CPU
		{B84254E3-CFCD-497B-8FA8-2E322B6ADA9F}.Debug|Any CPU.Build.0 = Debug|Any CPU
		{B84254E3-CFCD-497B-8FA8-2E322B6ADA9F}.Release|Any CPU.ActiveCfg = Release|Any CPU
		{B84254E3-CFCD-497B-8FA8-2E322B6ADA9F}.Release|Any CPU.Build.0 = Release|Any CPU
	EndGlobalSection
	GlobalSection(SolutionProperties) = preSolution
		HideSolutionNode = FALSE
	EndGlobalSection
EndGlobal
