
Microsoft Visual Studio Solution File, Format Version 12.00
# Visual Studio 14
VisualStudioVersion = 14.0.23107.0
MinimumVisualStudioVersion = 10.0.40219.1
Project("{FAE04EC0-301F-11D3-BF4B-00C04F79EFBC}") = "StudentSystem.Models", "StudentSystem.Models\StudentSystem.Models.csproj", "{95B95B81-7AF5-471B-BC43-748CC025579A}"
EndProject
Project("{FAE04EC0-301F-11D3-BF4B-00C04F79EFBC}") = "StudentSystem.Data", "StudentSystem.Data\StudentSystem.Data.csproj", "{6B32E761-FDD3-4147-8EC2-B232C4E09566}"
EndProject
Project("{FAE04EC0-301F-11D3-BF4B-00C04F79EFBC}") = "StudentSystem.ConsoleClient", "StudentSystem.ConsoleClient\StudentSystem.ConsoleClient.csproj", "{0C981880-2953-45CA-9BAC-B7E3413629C1}"
EndProject
Global
	GlobalSection(SolutionConfigurationPlatforms) = preSolution
		Debug|Any CPU = Debug|Any CPU
		Release|Any CPU = Release|Any CPU
	EndGlobalSection
	GlobalSection(ProjectConfigurationPlatforms) = postSolution
		{95B95B81-7AF5-471B-BC43-748CC025579A}.Debug|Any CPU.ActiveCfg = Debug|Any CPU
		{95B95B81-7AF5-471B-BC43-748CC025579A}.Debug|Any CPU.Build.0 = Debug|Any CPU
		{95B95B81-7AF5-471B-BC43-748CC025579A}.Release|Any CPU.ActiveCfg = Release|Any CPU
		{95B95B81-7AF5-471B-BC43-748CC025579A}.Release|Any CPU.Build.0 = Release|Any CPU
		{6B32E761-FDD3-4147-8EC2-B232C4E09566}.Debug|Any CPU.ActiveCfg = Debug|Any CPU
		{6B32E761-FDD3-4147-8EC2-B232C4E09566}.Debug|Any CPU.Build.0 = Debug|Any CPU
		{6B32E761-FDD3-4147-8EC2-B232C4E09566}.Release|Any CPU.ActiveCfg = Release|Any CPU
		{6B32E761-FDD3-4147-8EC2-B232C4E09566}.Release|Any CPU.Build.0 = Release|Any CPU
		{0C981880-2953-45CA-9BAC-B7E3413629C1}.Debug|Any CPU.ActiveCfg = Debug|Any CPU
		{0C981880-2953-45CA-9BAC-B7E3413629C1}.Debug|Any CPU.Build.0 = Debug|Any CPU
		{0C981880-2953-45CA-9BAC-B7E3413629C1}.Release|Any CPU.ActiveCfg = Release|Any CPU
		{0C981880-2953-45CA-9BAC-B7E3413629C1}.Release|Any CPU.Build.0 = Release|Any CPU
	EndGlobalSection
	GlobalSection(SolutionProperties) = preSolution
		HideSolutionNode = FALSE
	EndGlobalSection
EndGlobal
