
Microsoft Visual Studio Solution File, Format Version 12.00
# Visual Studio 14
VisualStudioVersion = 14.0.23107.0
MinimumVisualStudioVersion = 10.0.40219.1
Project("{FAE04EC0-301F-11D3-BF4B-00C04F79EFBC}") = "01. Singleton", "01. Singleton\01. Singleton.csproj", "{56F883BA-A072-47C0-B2E8-2530331DE068}"
EndProject
Project("{FAE04EC0-301F-11D3-BF4B-00C04F79EFBC}") = "02. Facade", "02. Facade\02. Facade.csproj", "{6D7C0E6F-4000-43DF-93E4-8E7B81E8D077}"
EndProject
Project("{FAE04EC0-301F-11D3-BF4B-00C04F79EFBC}") = "03. Proxy", "03. Proxy\03. Proxy.csproj", "{858BB73F-8385-48F0-B028-A125A6460093}"
EndProject
Global
	GlobalSection(SolutionConfigurationPlatforms) = preSolution
		Debug|Any CPU = Debug|Any CPU
		Release|Any CPU = Release|Any CPU
	EndGlobalSection
	GlobalSection(ProjectConfigurationPlatforms) = postSolution
		{56F883BA-A072-47C0-B2E8-2530331DE068}.Debug|Any CPU.ActiveCfg = Debug|Any CPU
		{56F883BA-A072-47C0-B2E8-2530331DE068}.Debug|Any CPU.Build.0 = Debug|Any CPU
		{56F883BA-A072-47C0-B2E8-2530331DE068}.Release|Any CPU.ActiveCfg = Release|Any CPU
		{56F883BA-A072-47C0-B2E8-2530331DE068}.Release|Any CPU.Build.0 = Release|Any CPU
		{6D7C0E6F-4000-43DF-93E4-8E7B81E8D077}.Debug|Any CPU.ActiveCfg = Debug|Any CPU
		{6D7C0E6F-4000-43DF-93E4-8E7B81E8D077}.Debug|Any CPU.Build.0 = Debug|Any CPU
		{6D7C0E6F-4000-43DF-93E4-8E7B81E8D077}.Release|Any CPU.ActiveCfg = Release|Any CPU
		{6D7C0E6F-4000-43DF-93E4-8E7B81E8D077}.Release|Any CPU.Build.0 = Release|Any CPU
		{858BB73F-8385-48F0-B028-A125A6460093}.Debug|Any CPU.ActiveCfg = Debug|Any CPU
		{858BB73F-8385-48F0-B028-A125A6460093}.Debug|Any CPU.Build.0 = Debug|Any CPU
		{858BB73F-8385-48F0-B028-A125A6460093}.Release|Any CPU.ActiveCfg = Release|Any CPU
		{858BB73F-8385-48F0-B028-A125A6460093}.Release|Any CPU.Build.0 = Release|Any CPU
	EndGlobalSection
	GlobalSection(SolutionProperties) = preSolution
		HideSolutionNode = FALSE
	EndGlobalSection
EndGlobal
