
Microsoft Visual Studio Solution File, Format Version 12.00
# Visual Studio 2013
VisualStudioVersion = 12.0.31101.0
MinimumVisualStudioVersion = 10.0.40219.1
Project("{FAE04EC0-301F-11D3-BF4B-00C04F79EFBC}") = "01. HTML Tables", "HTML Tables\01. HTML Tables.csproj", "{26767D58-8EB6-4796-B7C9-5835F4CFAE92}"
EndProject
Project("{FAE04EC0-301F-11D3-BF4B-00C04F79EFBC}") = "02. HTML Form", "HTML Form\02. HTML Form.csproj", "{1C7A92D2-7053-4E24-990F-86E0C5F1C32D}"
EndProject
Global
	GlobalSection(SolutionConfigurationPlatforms) = preSolution
		Debug|Any CPU = Debug|Any CPU
		Release|Any CPU = Release|Any CPU
	EndGlobalSection
	GlobalSection(ProjectConfigurationPlatforms) = postSolution
		{26767D58-8EB6-4796-B7C9-5835F4CFAE92}.Debug|Any CPU.ActiveCfg = Debug|Any CPU
		{26767D58-8EB6-4796-B7C9-5835F4CFAE92}.Debug|Any CPU.Build.0 = Debug|Any CPU
		{26767D58-8EB6-4796-B7C9-5835F4CFAE92}.Release|Any CPU.ActiveCfg = Release|Any CPU
		{26767D58-8EB6-4796-B7C9-5835F4CFAE92}.Release|Any CPU.Build.0 = Release|Any CPU
		{1C7A92D2-7053-4E24-990F-86E0C5F1C32D}.Debug|Any CPU.ActiveCfg = Debug|Any CPU
		{1C7A92D2-7053-4E24-990F-86E0C5F1C32D}.Debug|Any CPU.Build.0 = Debug|Any CPU
		{1C7A92D2-7053-4E24-990F-86E0C5F1C32D}.Release|Any CPU.ActiveCfg = Release|Any CPU
		{1C7A92D2-7053-4E24-990F-86E0C5F1C32D}.Release|Any CPU.Build.0 = Release|Any CPU
	EndGlobalSection
	GlobalSection(SolutionProperties) = preSolution
		HideSolutionNode = FALSE
	EndGlobalSection
EndGlobal
