
Microsoft Visual Studio Solution File, Format Version 12.00
# Visual Studio 2013
VisualStudioVersion = 12.0.31101.0
MinimumVisualStudioVersion = 10.0.40219.1
Project("{FAE04EC0-301F-11D3-BF4B-00C04F79EFBC}") = "Figure rotation", "Figure rotation\Figure rotation.csproj", "{84FF594D-5158-47A9-A3D6-19A49374FC8C}"
EndProject
Project("{FAE04EC0-301F-11D3-BF4B-00C04F79EFBC}") = "Print Statistic", "Print Statistic\Print Statistic.csproj", "{742CD419-E28B-41DE-959E-46944DE0541A}"
EndProject
Global
	GlobalSection(SolutionConfigurationPlatforms) = preSolution
		Debug|Any CPU = Debug|Any CPU
		Release|Any CPU = Release|Any CPU
	EndGlobalSection
	GlobalSection(ProjectConfigurationPlatforms) = postSolution
		{84FF594D-5158-47A9-A3D6-19A49374FC8C}.Debug|Any CPU.ActiveCfg = Debug|Any CPU
		{84FF594D-5158-47A9-A3D6-19A49374FC8C}.Debug|Any CPU.Build.0 = Debug|Any CPU
		{84FF594D-5158-47A9-A3D6-19A49374FC8C}.Release|Any CPU.ActiveCfg = Release|Any CPU
		{84FF594D-5158-47A9-A3D6-19A49374FC8C}.Release|Any CPU.Build.0 = Release|Any CPU
		{742CD419-E28B-41DE-959E-46944DE0541A}.Debug|Any CPU.ActiveCfg = Debug|Any CPU
		{742CD419-E28B-41DE-959E-46944DE0541A}.Debug|Any CPU.Build.0 = Debug|Any CPU
		{742CD419-E28B-41DE-959E-46944DE0541A}.Release|Any CPU.ActiveCfg = Release|Any CPU
		{742CD419-E28B-41DE-959E-46944DE0541A}.Release|Any CPU.Build.0 = Release|Any CPU
	EndGlobalSection
	GlobalSection(SolutionProperties) = preSolution
		HideSolutionNode = FALSE
	EndGlobalSection
EndGlobal
