
Microsoft Visual Studio Solution File, Format Version 12.00
# Visual Studio 14
VisualStudioVersion = 14.0.24720.0
MinimumVisualStudioVersion = 10.0.40219.1
Project("{FAE04EC0-301F-11D3-BF4B-00C04F79EFBC}") = "01.Random Number", "01.Random Number\01.Random Number.csproj", "{8F6BF3A4-64A5-4488-8E24-0CFA6380A154}"
EndProject
Project("{FAE04EC0-301F-11D3-BF4B-00C04F79EFBC}") = "02.HTML escaping", "02.HTML escaping\02.HTML escaping.csproj", "{1C1469AA-C398-419C-8979-2D2D8C5DB4F1}"
EndProject
Project("{FAE04EC0-301F-11D3-BF4B-00C04F79EFBC}") = "03.Registration form", "03.Registration form\03.Registration form.csproj", "{C2E95D7C-1500-44AC-8E6D-0CD23F8E7BF5}"
EndProject
Project("{FAE04EC0-301F-11D3-BF4B-00C04F79EFBC}") = "05.Web Calculator", "05.Web Calculator\05.Web Calculator.csproj", "{8540C122-7486-46F4-BB2D-532BD5C1015C}"
EndProject
Project("{FAE04EC0-301F-11D3-BF4B-00C04F79EFBC}") = "04.Tic-tac-toe", "04.Tic-tac-toe\04.Tic-tac-toe.csproj", "{45808BBE-4D8E-4B5A-B1A0-66A15F9F6CCE}"
EndProject
Global
	GlobalSection(SolutionConfigurationPlatforms) = preSolution
		Debug|Any CPU = Debug|Any CPU
		Release|Any CPU = Release|Any CPU
	EndGlobalSection
	GlobalSection(ProjectConfigurationPlatforms) = postSolution
		{8F6BF3A4-64A5-4488-8E24-0CFA6380A154}.Debug|Any CPU.ActiveCfg = Debug|Any CPU
		{8F6BF3A4-64A5-4488-8E24-0CFA6380A154}.Debug|Any CPU.Build.0 = Debug|Any CPU
		{8F6BF3A4-64A5-4488-8E24-0CFA6380A154}.Release|Any CPU.ActiveCfg = Release|Any CPU
		{8F6BF3A4-64A5-4488-8E24-0CFA6380A154}.Release|Any CPU.Build.0 = Release|Any CPU
		{1C1469AA-C398-419C-8979-2D2D8C5DB4F1}.Debug|Any CPU.ActiveCfg = Debug|Any CPU
		{1C1469AA-C398-419C-8979-2D2D8C5DB4F1}.Debug|Any CPU.Build.0 = Debug|Any CPU
		{1C1469AA-C398-419C-8979-2D2D8C5DB4F1}.Release|Any CPU.ActiveCfg = Release|Any CPU
		{1C1469AA-C398-419C-8979-2D2D8C5DB4F1}.Release|Any CPU.Build.0 = Release|Any CPU
		{C2E95D7C-1500-44AC-8E6D-0CD23F8E7BF5}.Debug|Any CPU.ActiveCfg = Debug|Any CPU
		{C2E95D7C-1500-44AC-8E6D-0CD23F8E7BF5}.Debug|Any CPU.Build.0 = Debug|Any CPU
		{C2E95D7C-1500-44AC-8E6D-0CD23F8E7BF5}.Release|Any CPU.ActiveCfg = Release|Any CPU
		{C2E95D7C-1500-44AC-8E6D-0CD23F8E7BF5}.Release|Any CPU.Build.0 = Release|Any CPU
		{8540C122-7486-46F4-BB2D-532BD5C1015C}.Debug|Any CPU.ActiveCfg = Debug|Any CPU
		{8540C122-7486-46F4-BB2D-532BD5C1015C}.Debug|Any CPU.Build.0 = Debug|Any CPU
		{8540C122-7486-46F4-BB2D-532BD5C1015C}.Release|Any CPU.ActiveCfg = Release|Any CPU
		{8540C122-7486-46F4-BB2D-532BD5C1015C}.Release|Any CPU.Build.0 = Release|Any CPU
		{45808BBE-4D8E-4B5A-B1A0-66A15F9F6CCE}.Debug|Any CPU.ActiveCfg = Debug|Any CPU
		{45808BBE-4D8E-4B5A-B1A0-66A15F9F6CCE}.Debug|Any CPU.Build.0 = Debug|Any CPU
		{45808BBE-4D8E-4B5A-B1A0-66A15F9F6CCE}.Release|Any CPU.ActiveCfg = Release|Any CPU
		{45808BBE-4D8E-4B5A-B1A0-66A15F9F6CCE}.Release|Any CPU.Build.0 = Release|Any CPU
	EndGlobalSection
	GlobalSection(SolutionProperties) = preSolution
		HideSolutionNode = FALSE
	EndGlobalSection
EndGlobal
