
Microsoft Visual Studio Solution File, Format Version 12.00
# Visual Studio 14
VisualStudioVersion = 14.0.24720.0
MinimumVisualStudioVersion = 10.0.40219.1
Project("{9092AA53-FB77-4645-B42D-1CCCA6BD08BD}") = "MEAN Stack SA", "MEAN Stack SA\MEAN Stack SA.njsproj", "{4F5AAA24-4F29-4FFC-B6A3-BB3923F0D0E5}"
EndProject
Global
	GlobalSection(SolutionConfigurationPlatforms) = preSolution
		Debug|Any CPU = Debug|Any CPU
		Release|Any CPU = Release|Any CPU
	EndGlobalSection
	GlobalSection(ProjectConfigurationPlatforms) = postSolution
		{4F5AAA24-4F29-4FFC-B6A3-BB3923F0D0E5}.Debug|Any CPU.ActiveCfg = Debug|Any CPU
		{4F5AAA24-4F29-4FFC-B6A3-BB3923F0D0E5}.Debug|Any CPU.Build.0 = Debug|Any CPU
		{4F5AAA24-4F29-4FFC-B6A3-BB3923F0D0E5}.Release|Any CPU.ActiveCfg = Release|Any CPU
		{4F5AAA24-4F29-4FFC-B6A3-BB3923F0D0E5}.Release|Any CPU.Build.0 = Release|Any CPU
	EndGlobalSection
	GlobalSection(SolutionProperties) = preSolution
		HideSolutionNode = FALSE
	EndGlobalSection
EndGlobal
