
Microsoft Visual Studio Solution File, Format Version 12.00
# Visual Studio 14
VisualStudioVersion = 14.0.24720.0
MinimumVisualStudioVersion = 10.0.40219.1
Project("{FAE04EC0-301F-11D3-BF4B-00C04F79EFBC}") = "01. Print your name", "01. Print your name\01. Print your name.csproj", "{956908F3-3396-43C9-BE6A-ABCDA62BC0D6}"
EndProject
Project("{FAE04EC0-301F-11D3-BF4B-00C04F79EFBC}") = "02. Web Form App - Model", "02. Web Form App - Model\02. Web Form App - Model.csproj", "{C35DB93A-A3B7-43CF-9E6A-7344FBCCB593}"
EndProject
Project("{FAE04EC0-301F-11D3-BF4B-00C04F79EFBC}") = "03. Page Life Cycle", "03. Page Life Cycle\03. Page Life Cycle.csproj", "{84FEE0CF-3148-494B-8F75-0D33ED010DC9}"
EndProject
Global
	GlobalSection(SolutionConfigurationPlatforms) = preSolution
		Debug|Any CPU = Debug|Any CPU
		Release|Any CPU = Release|Any CPU
	EndGlobalSection
	GlobalSection(ProjectConfigurationPlatforms) = postSolution
		{956908F3-3396-43C9-BE6A-ABCDA62BC0D6}.Debug|Any CPU.ActiveCfg = Debug|Any CPU
		{956908F3-3396-43C9-BE6A-ABCDA62BC0D6}.Debug|Any CPU.Build.0 = Debug|Any CPU
		{956908F3-3396-43C9-BE6A-ABCDA62BC0D6}.Release|Any CPU.ActiveCfg = Release|Any CPU
		{956908F3-3396-43C9-BE6A-ABCDA62BC0D6}.Release|Any CPU.Build.0 = Release|Any CPU
		{C35DB93A-A3B7-43CF-9E6A-7344FBCCB593}.Debug|Any CPU.ActiveCfg = Debug|Any CPU
		{C35DB93A-A3B7-43CF-9E6A-7344FBCCB593}.Debug|Any CPU.Build.0 = Debug|Any CPU
		{C35DB93A-A3B7-43CF-9E6A-7344FBCCB593}.Release|Any CPU.ActiveCfg = Release|Any CPU
		{C35DB93A-A3B7-43CF-9E6A-7344FBCCB593}.Release|Any CPU.Build.0 = Release|Any CPU
		{84FEE0CF-3148-494B-8F75-0D33ED010DC9}.Debug|Any CPU.ActiveCfg = Debug|Any CPU
		{84FEE0CF-3148-494B-8F75-0D33ED010DC9}.Debug|Any CPU.Build.0 = Debug|Any CPU
		{84FEE0CF-3148-494B-8F75-0D33ED010DC9}.Release|Any CPU.ActiveCfg = Release|Any CPU
		{84FEE0CF-3148-494B-8F75-0D33ED010DC9}.Release|Any CPU.Build.0 = Release|Any CPU
	EndGlobalSection
	GlobalSection(SolutionProperties) = preSolution
		HideSolutionNode = FALSE
	EndGlobalSection
EndGlobal
