
Microsoft Visual Studio Solution File, Format Version 12.00
# Visual Studio 14
VisualStudioVersion = 14.0.24720.0
MinimumVisualStudioVersion = 10.0.40219.1
Project("{FAE04EC0-301F-11D3-BF4B-00C04F79EFBC}") = "01.Calculator(ASP.NET Web Forms)", "01.Calculator(ASP.NET Web Forms)\01.Calculator(ASP.NET Web Forms).csproj", "{A89A0773-ECC1-4AF6-AE00-11DD23530574}"
EndProject
Project("{FAE04EC0-301F-11D3-BF4B-00C04F79EFBC}") = "02.Calculator (ASP.NET MVC)", "02.Calculator (ASP.NET MVC)\02.Calculator (ASP.NET MVC).csproj", "{A2B85D4A-9940-4AC2-A483-B70B559F02DE}"
EndProject
Project("{FAE04EC0-301F-11D3-BF4B-00C04F79EFBC}") = "03.ImageHandler", "03.ImageHandler\03.ImageHandler.csproj", "{DE618583-4314-4079-8464-C9B329E8ED02}"
EndProject
Global
	GlobalSection(SolutionConfigurationPlatforms) = preSolution
		Debug|Any CPU = Debug|Any CPU
		Release|Any CPU = Release|Any CPU
	EndGlobalSection
	GlobalSection(ProjectConfigurationPlatforms) = postSolution
		{A89A0773-ECC1-4AF6-AE00-11DD23530574}.Debug|Any CPU.ActiveCfg = Debug|Any CPU
		{A89A0773-ECC1-4AF6-AE00-11DD23530574}.Debug|Any CPU.Build.0 = Debug|Any CPU
		{A89A0773-ECC1-4AF6-AE00-11DD23530574}.Release|Any CPU.ActiveCfg = Release|Any CPU
		{A89A0773-ECC1-4AF6-AE00-11DD23530574}.Release|Any CPU.Build.0 = Release|Any CPU
		{A2B85D4A-9940-4AC2-A483-B70B559F02DE}.Debug|Any CPU.ActiveCfg = Debug|Any CPU
		{A2B85D4A-9940-4AC2-A483-B70B559F02DE}.Debug|Any CPU.Build.0 = Debug|Any CPU
		{A2B85D4A-9940-4AC2-A483-B70B559F02DE}.Release|Any CPU.ActiveCfg = Release|Any CPU
		{A2B85D4A-9940-4AC2-A483-B70B559F02DE}.Release|Any CPU.Build.0 = Release|Any CPU
		{DE618583-4314-4079-8464-C9B329E8ED02}.Debug|Any CPU.ActiveCfg = Debug|Any CPU
		{DE618583-4314-4079-8464-C9B329E8ED02}.Debug|Any CPU.Build.0 = Debug|Any CPU
		{DE618583-4314-4079-8464-C9B329E8ED02}.Release|Any CPU.ActiveCfg = Release|Any CPU
		{DE618583-4314-4079-8464-C9B329E8ED02}.Release|Any CPU.Build.0 = Release|Any CPU
	EndGlobalSection
	GlobalSection(SolutionProperties) = preSolution
		HideSolutionNode = FALSE
	EndGlobalSection
EndGlobal
