
Microsoft Visual Studio Solution File, Format Version 12.00
# Visual Studio 2013
VisualStudioVersion = 12.0.31101.0
MinimumVisualStudioVersion = 10.0.40219.1
Project("{FAE04EC0-301F-11D3-BF4B-00C04F79EFBC}") = "01. Numbers from 1 to N", "01. Numbers from 1 to N\01. Numbers from 1 to N.csproj", "{E2D4BF81-8F5C-4E48-90DF-067FAC8DC00C}"
EndProject
Project("{FAE04EC0-301F-11D3-BF4B-00C04F79EFBC}") = "02. Numbers Not Divisible by 3 and 7", "02. Numbers Not Divisible by 3 and 7\02. Numbers Not Divisible by 3 and 7.csproj", "{870E3881-3FA0-4B03-93C2-A675D250623C}"
EndProject
Project("{FAE04EC0-301F-11D3-BF4B-00C04F79EFBC}") = "03. MinMaxSumAverage of N Numbers", "03. MinMaxSumAverage of N Numbers\03. MinMaxSumAverage of N Numbers.csproj", "{498A7B91-23F9-49F5-8755-C3CD64CDF5E4}"
EndProject
Project("{FAE04EC0-301F-11D3-BF4B-00C04F79EFBC}") = "04. Print a Deck of 52 Cards", "04. Print a Deck of 52 Cards\04. Print a Deck of 52 Cards.csproj", "{663C0194-CD32-418C-82AA-FD0BD296D87A}"
EndProject
Project("{FAE04EC0-301F-11D3-BF4B-00C04F79EFBC}") = "05. Calculate Sum Of Two Numbers", "05. Calculate Sum Of Two Numbers\05. Calculate Sum Of Two Numbers.csproj", "{82FDCA30-F17B-40E0-827F-9ADC74D14747}"
EndProject
Project("{FAE04EC0-301F-11D3-BF4B-00C04F79EFBC}") = "06. Calculate N! divide K!", "06. Calculate N! divide K!\06. Calculate N! divide K!.csproj", "{F818276E-1598-4AFB-9BCF-A8502F7B9319}"
EndProject
Project("{FAE04EC0-301F-11D3-BF4B-00C04F79EFBC}") = "07. Calculate N! Divide (K! (N-K)!)", "07. Calculate N! Divide (K! (N-K)!)\07. Calculate N! Divide (K! (N-K)!).csproj", "{CBF58660-53C5-4549-A9E9-2C5FD77A155C}"
EndProject
Project("{FAE04EC0-301F-11D3-BF4B-00C04F79EFBC}") = "08. Catalan Numbers", "08. Catalan Numbers\08. Catalan Numbers.csproj", "{010B3050-04F7-41CC-B0DA-05CE7CEA21EF}"
EndProject
Project("{FAE04EC0-301F-11D3-BF4B-00C04F79EFBC}") = "09. Matrix of Numbers", "09. Matrix of Numbers\09. Matrix of Numbers.csproj", "{6948AB95-1B03-4A61-957D-657B6DC93387}"
EndProject
Project("{FAE04EC0-301F-11D3-BF4B-00C04F79EFBC}") = "10. Odd and Even Product", "10. Odd and Even Product\10. Odd and Even Product.csproj", "{2D75AD66-7693-45E4-9A08-4A893ACB8C57}"
EndProject
Project("{FAE04EC0-301F-11D3-BF4B-00C04F79EFBC}") = "11. Random Numbers in Given Range", "11. Random Numbers in Given Range\11. Random Numbers in Given Range.csproj", "{3C136B1D-2C7C-4E61-98EE-9DABB38CE8CE}"
EndProject
Project("{FAE04EC0-301F-11D3-BF4B-00C04F79EFBC}") = "12. Randomize the Numbers 1…N", "12. Randomize the Numbers 1…N\12. Randomize the Numbers 1…N.csproj", "{EB2C70C0-6034-4615-8A7B-ED9DA164F841}"
EndProject
Project("{FAE04EC0-301F-11D3-BF4B-00C04F79EFBC}") = "13. Binary to Decimal Number", "13. Binary to Decimal Number\13. Binary to Decimal Number.csproj", "{FA681260-BF3F-4A13-9552-4ED394C0E3AD}"
EndProject
Project("{FAE04EC0-301F-11D3-BF4B-00C04F79EFBC}") = "14. Decimal to Binary Number", "14. Decimal to Binary Number\14. Decimal to Binary Number.csproj", "{B4D03A27-9A3F-4EDB-824F-A9209491E554}"
EndProject
Project("{FAE04EC0-301F-11D3-BF4B-00C04F79EFBC}") = "15. Hexadecimal to Decimal Number", "15. Hexadecimal to Decimal Number\15. Hexadecimal to Decimal Number.csproj", "{502DB585-286B-4D3E-8112-1C288C803598}"
EndProject
Project("{FAE04EC0-301F-11D3-BF4B-00C04F79EFBC}") = "16. Decimal to Hexadecimal Number", "16. Decimal to Hexadecimal Number\16. Decimal to Hexadecimal Number.csproj", "{4ABC642C-DDDE-4131-AA9C-8738A9358779}"
EndProject
Project("{FAE04EC0-301F-11D3-BF4B-00C04F79EFBC}") = "17. Calculate GCD", "17. Calculate GCD\17. Calculate GCD.csproj", "{3A1580F1-28BE-4473-9C57-42974171BE39}"
EndProject
Project("{FAE04EC0-301F-11D3-BF4B-00C04F79EFBC}") = "18. Trailing Zeroes in N!", "18. Trailing Zeroes in N!\18. Trailing Zeroes in N!.csproj", "{507B6BC1-2486-4BBB-B966-FCDAD3DF5B81}"
EndProject
Project("{FAE04EC0-301F-11D3-BF4B-00C04F79EFBC}") = "19. Spiral Matrix", "19. Spiral Matrix\19. Spiral Matrix.csproj", "{BD8C865C-6DA1-4AC2-86E7-63B8C6967CD1}"
EndProject
Global
	GlobalSection(SolutionConfigurationPlatforms) = preSolution
		Debug|Any CPU = Debug|Any CPU
		Release|Any CPU = Release|Any CPU
	EndGlobalSection
	GlobalSection(ProjectConfigurationPlatforms) = postSolution
		{E2D4BF81-8F5C-4E48-90DF-067FAC8DC00C}.Debug|Any CPU.ActiveCfg = Debug|Any CPU
		{E2D4BF81-8F5C-4E48-90DF-067FAC8DC00C}.Debug|Any CPU.Build.0 = Debug|Any CPU
		{E2D4BF81-8F5C-4E48-90DF-067FAC8DC00C}.Release|Any CPU.ActiveCfg = Release|Any CPU
		{E2D4BF81-8F5C-4E48-90DF-067FAC8DC00C}.Release|Any CPU.Build.0 = Release|Any CPU
		{870E3881-3FA0-4B03-93C2-A675D250623C}.Debug|Any CPU.ActiveCfg = Debug|Any CPU
		{870E3881-3FA0-4B03-93C2-A675D250623C}.Debug|Any CPU.Build.0 = Debug|Any CPU
		{870E3881-3FA0-4B03-93C2-A675D250623C}.Release|Any CPU.ActiveCfg = Release|Any CPU
		{870E3881-3FA0-4B03-93C2-A675D250623C}.Release|Any CPU.Build.0 = Release|Any CPU
		{498A7B91-23F9-49F5-8755-C3CD64CDF5E4}.Debug|Any CPU.ActiveCfg = Debug|Any CPU
		{498A7B91-23F9-49F5-8755-C3CD64CDF5E4}.Debug|Any CPU.Build.0 = Debug|Any CPU
		{498A7B91-23F9-49F5-8755-C3CD64CDF5E4}.Release|Any CPU.ActiveCfg = Release|Any CPU
		{498A7B91-23F9-49F5-8755-C3CD64CDF5E4}.Release|Any CPU.Build.0 = Release|Any CPU
		{663C0194-CD32-418C-82AA-FD0BD296D87A}.Debug|Any CPU.ActiveCfg = Debug|Any CPU
		{663C0194-CD32-418C-82AA-FD0BD296D87A}.Debug|Any CPU.Build.0 = Debug|Any CPU
		{663C0194-CD32-418C-82AA-FD0BD296D87A}.Release|Any CPU.ActiveCfg = Release|Any CPU
		{663C0194-CD32-418C-82AA-FD0BD296D87A}.Release|Any CPU.Build.0 = Release|Any CPU
		{82FDCA30-F17B-40E0-827F-9ADC74D14747}.Debug|Any CPU.ActiveCfg = Debug|Any CPU
		{82FDCA30-F17B-40E0-827F-9ADC74D14747}.Debug|Any CPU.Build.0 = Debug|Any CPU
		{82FDCA30-F17B-40E0-827F-9ADC74D14747}.Release|Any CPU.ActiveCfg = Release|Any CPU
		{82FDCA30-F17B-40E0-827F-9ADC74D14747}.Release|Any CPU.Build.0 = Release|Any CPU
		{F818276E-1598-4AFB-9BCF-A8502F7B9319}.Debug|Any CPU.ActiveCfg = Debug|Any CPU
		{F818276E-1598-4AFB-9BCF-A8502F7B9319}.Debug|Any CPU.Build.0 = Debug|Any CPU
		{F818276E-1598-4AFB-9BCF-A8502F7B9319}.Release|Any CPU.ActiveCfg = Release|Any CPU
		{F818276E-1598-4AFB-9BCF-A8502F7B9319}.Release|Any CPU.Build.0 = Release|Any CPU
		{CBF58660-53C5-4549-A9E9-2C5FD77A155C}.Debug|Any CPU.ActiveCfg = Debug|Any CPU
		{CBF58660-53C5-4549-A9E9-2C5FD77A155C}.Debug|Any CPU.Build.0 = Debug|Any CPU
		{CBF58660-53C5-4549-A9E9-2C5FD77A155C}.Release|Any CPU.ActiveCfg = Release|Any CPU
		{CBF58660-53C5-4549-A9E9-2C5FD77A155C}.Release|Any CPU.Build.0 = Release|Any CPU
		{010B3050-04F7-41CC-B0DA-05CE7CEA21EF}.Debug|Any CPU.ActiveCfg = Debug|Any CPU
		{010B3050-04F7-41CC-B0DA-05CE7CEA21EF}.Debug|Any CPU.Build.0 = Debug|Any CPU
		{010B3050-04F7-41CC-B0DA-05CE7CEA21EF}.Release|Any CPU.ActiveCfg = Release|Any CPU
		{010B3050-04F7-41CC-B0DA-05CE7CEA21EF}.Release|Any CPU.Build.0 = Release|Any CPU
		{6948AB95-1B03-4A61-957D-657B6DC93387}.Debug|Any CPU.ActiveCfg = Debug|Any CPU
		{6948AB95-1B03-4A61-957D-657B6DC93387}.Debug|Any CPU.Build.0 = Debug|Any CPU
		{6948AB95-1B03-4A61-957D-657B6DC93387}.Release|Any CPU.ActiveCfg = Release|Any CPU
		{6948AB95-1B03-4A61-957D-657B6DC93387}.Release|Any CPU.Build.0 = Release|Any CPU
		{2D75AD66-7693-45E4-9A08-4A893ACB8C57}.Debug|Any CPU.ActiveCfg = Debug|Any CPU
		{2D75AD66-7693-45E4-9A08-4A893ACB8C57}.Debug|Any CPU.Build.0 = Debug|Any CPU
		{2D75AD66-7693-45E4-9A08-4A893ACB8C57}.Release|Any CPU.ActiveCfg = Release|Any CPU
		{2D75AD66-7693-45E4-9A08-4A893ACB8C57}.Release|Any CPU.Build.0 = Release|Any CPU
		{3C136B1D-2C7C-4E61-98EE-9DABB38CE8CE}.Debug|Any CPU.ActiveCfg = Debug|Any CPU
		{3C136B1D-2C7C-4E61-98EE-9DABB38CE8CE}.Debug|Any CPU.Build.0 = Debug|Any CPU
		{3C136B1D-2C7C-4E61-98EE-9DABB38CE8CE}.Release|Any CPU.ActiveCfg = Release|Any CPU
		{3C136B1D-2C7C-4E61-98EE-9DABB38CE8CE}.Release|Any CPU.Build.0 = Release|Any CPU
		{EB2C70C0-6034-4615-8A7B-ED9DA164F841}.Debug|Any CPU.ActiveCfg = Debug|Any CPU
		{EB2C70C0-6034-4615-8A7B-ED9DA164F841}.Debug|Any CPU.Build.0 = Debug|Any CPU
		{EB2C70C0-6034-4615-8A7B-ED9DA164F841}.Release|Any CPU.ActiveCfg = Release|Any CPU
		{EB2C70C0-6034-4615-8A7B-ED9DA164F841}.Release|Any CPU.Build.0 = Release|Any CPU
		{FA681260-BF3F-4A13-9552-4ED394C0E3AD}.Debug|Any CPU.ActiveCfg = Debug|Any CPU
		{FA681260-BF3F-4A13-9552-4ED394C0E3AD}.Debug|Any CPU.Build.0 = Debug|Any CPU
		{FA681260-BF3F-4A13-9552-4ED394C0E3AD}.Release|Any CPU.ActiveCfg = Release|Any CPU
		{FA681260-BF3F-4A13-9552-4ED394C0E3AD}.Release|Any CPU.Build.0 = Release|Any CPU
		{B4D03A27-9A3F-4EDB-824F-A9209491E554}.Debug|Any CPU.ActiveCfg = Debug|Any CPU
		{B4D03A27-9A3F-4EDB-824F-A9209491E554}.Debug|Any CPU.Build.0 = Debug|Any CPU
		{B4D03A27-9A3F-4EDB-824F-A9209491E554}.Release|Any CPU.ActiveCfg = Release|Any CPU
		{B4D03A27-9A3F-4EDB-824F-A9209491E554}.Release|Any CPU.Build.0 = Release|Any CPU
		{502DB585-286B-4D3E-8112-1C288C803598}.Debug|Any CPU.ActiveCfg = Debug|Any CPU
		{502DB585-286B-4D3E-8112-1C288C803598}.Debug|Any CPU.Build.0 = Debug|Any CPU
		{502DB585-286B-4D3E-8112-1C288C803598}.Release|Any CPU.ActiveCfg = Release|Any CPU
		{502DB585-286B-4D3E-8112-1C288C803598}.Release|Any CPU.Build.0 = Release|Any CPU
		{4ABC642C-DDDE-4131-AA9C-8738A9358779}.Debug|Any CPU.ActiveCfg = Debug|Any CPU
		{4ABC642C-DDDE-4131-AA9C-8738A9358779}.Debug|Any CPU.Build.0 = Debug|Any CPU
		{4ABC642C-DDDE-4131-AA9C-8738A9358779}.Release|Any CPU.ActiveCfg = Release|Any CPU
		{4ABC642C-DDDE-4131-AA9C-8738A9358779}.Release|Any CPU.Build.0 = Release|Any CPU
		{3A1580F1-28BE-4473-9C57-42974171BE39}.Debug|Any CPU.ActiveCfg = Debug|Any CPU
		{3A1580F1-28BE-4473-9C57-42974171BE39}.Debug|Any CPU.Build.0 = Debug|Any CPU
		{3A1580F1-28BE-4473-9C57-42974171BE39}.Release|Any CPU.ActiveCfg = Release|Any CPU
		{3A1580F1-28BE-4473-9C57-42974171BE39}.Release|Any CPU.Build.0 = Release|Any CPU
		{507B6BC1-2486-4BBB-B966-FCDAD3DF5B81}.Debug|Any CPU.ActiveCfg = Debug|Any CPU
		{507B6BC1-2486-4BBB-B966-FCDAD3DF5B81}.Debug|Any CPU.Build.0 = Debug|Any CPU
		{507B6BC1-2486-4BBB-B966-FCDAD3DF5B81}.Release|Any CPU.ActiveCfg = Release|Any CPU
		{507B6BC1-2486-4BBB-B966-FCDAD3DF5B81}.Release|Any CPU.Build.0 = Release|Any CPU
		{BD8C865C-6DA1-4AC2-86E7-63B8C6967CD1}.Debug|Any CPU.ActiveCfg = Debug|Any CPU
		{BD8C865C-6DA1-4AC2-86E7-63B8C6967CD1}.Debug|Any CPU.Build.0 = Debug|Any CPU
		{BD8C865C-6DA1-4AC2-86E7-63B8C6967CD1}.Release|Any CPU.ActiveCfg = Release|Any CPU
		{BD8C865C-6DA1-4AC2-86E7-63B8C6967CD1}.Release|Any CPU.Build.0 = Release|Any CPU
	EndGlobalSection
	GlobalSection(SolutionProperties) = preSolution
		HideSolutionNode = FALSE
	EndGlobalSection
EndGlobal
