
Microsoft Visual Studio Solution File, Format Version 12.00
# Visual Studio 2013
VisualStudioVersion = 12.0.31101.0
MinimumVisualStudioVersion = 10.0.40219.1
Project("{FAE04EC0-301F-11D3-BF4B-00C04F79EFBC}") = "10. Regular Expressions", "10. Regular Expressions\10. Regular Expressions.csproj", "{506BD0B0-D9F3-4E4C-9DFC-DD42B5A43C4D}"
EndProject
Global
	GlobalSection(SolutionConfigurationPlatforms) = preSolution
		Debug|Any CPU = Debug|Any CPU
		Release|Any CPU = Release|Any CPU
	EndGlobalSection
	GlobalSection(ProjectConfigurationPlatforms) = postSolution
		{506BD0B0-D9F3-4E4C-9DFC-DD42B5A43C4D}.Debug|Any CPU.ActiveCfg = Debug|Any CPU
		{506BD0B0-D9F3-4E4C-9DFC-DD42B5A43C4D}.Debug|Any CPU.Build.0 = Debug|Any CPU
		{506BD0B0-D9F3-4E4C-9DFC-DD42B5A43C4D}.Release|Any CPU.ActiveCfg = Release|Any CPU
		{506BD0B0-D9F3-4E4C-9DFC-DD42B5A43C4D}.Release|Any CPU.Build.0 = Release|Any CPU
	EndGlobalSection
	GlobalSection(SolutionProperties) = preSolution
		HideSolutionNode = FALSE
	EndGlobalSection
EndGlobal
