
Microsoft Visual Studio Solution File, Format Version 12.00
# Visual Studio 2013
VisualStudioVersion = 12.0.31101.0
MinimumVisualStudioVersion = 10.0.40219.1
Project("{FAE04EC0-301F-11D3-BF4B-00C04F79EFBC}") = "05. Warhead", "05. Warhead\05. Warhead.csproj", "{74F1724F-0227-4F5C-A398-A351BD33A552}"
EndProject
Project("{FAE04EC0-301F-11D3-BF4B-00C04F79EFBC}") = "05.WarheadViktor", "05.WarheadViktor\05.WarheadViktor.csproj", "{985B5800-63C6-4E2C-8347-32556A5FED4D}"
EndProject
Global
	GlobalSection(SolutionConfigurationPlatforms) = preSolution
		Debug|Any CPU = Debug|Any CPU
		Release|Any CPU = Release|Any CPU
	EndGlobalSection
	GlobalSection(ProjectConfigurationPlatforms) = postSolution
		{74F1724F-0227-4F5C-A398-A351BD33A552}.Debug|Any CPU.ActiveCfg = Debug|Any CPU
		{74F1724F-0227-4F5C-A398-A351BD33A552}.Debug|Any CPU.Build.0 = Debug|Any CPU
		{74F1724F-0227-4F5C-A398-A351BD33A552}.Release|Any CPU.ActiveCfg = Release|Any CPU
		{74F1724F-0227-4F5C-A398-A351BD33A552}.Release|Any CPU.Build.0 = Release|Any CPU
		{985B5800-63C6-4E2C-8347-32556A5FED4D}.Debug|Any CPU.ActiveCfg = Debug|Any CPU
		{985B5800-63C6-4E2C-8347-32556A5FED4D}.Debug|Any CPU.Build.0 = Debug|Any CPU
		{985B5800-63C6-4E2C-8347-32556A5FED4D}.Release|Any CPU.ActiveCfg = Release|Any CPU
		{985B5800-63C6-4E2C-8347-32556A5FED4D}.Release|Any CPU.Build.0 = Release|Any CPU
	EndGlobalSection
	GlobalSection(SolutionProperties) = preSolution
		HideSolutionNode = FALSE
	EndGlobalSection
EndGlobal
